// !$*UTF8*$!
{
	archiveVersion = 1;
	classes = {
	};
	objectVersion = 56;
	objects = {

/* Begin PBXBuildFile section */
		2B0FFD572B5951FB00C20C9A /* ApiService.swift in Sources */ = {isa = PBXBuildFile; fileRef = 2B0FFD562B5951FB00C20C9A /* ApiService.swift */; };
		2B0FFD5A2B59521A00C20C9A /* BabyActionCreateDto.swift in Sources */ = {isa = PBXBuildFile; fileRef = 2B0FFD592B59521A00C20C9A /* BabyActionCreateDto.swift */; };
		2B0FFD5C2B595D9100C20C9A /* BabyActionDto.swift in Sources */ = {isa = PBXBuildFile; fileRef = 2B0FFD5B2B595D9100C20C9A /* BabyActionDto.swift */; };
		2B0FFD5E2B5AFDD800C20C9A /* AuthenticationService.swift in Sources */ = {isa = PBXBuildFile; fileRef = 2B0FFD5D2B5AFDD800C20C9A /* AuthenticationService.swift */; };
		2B0FFD602B5B06CE00C20C9A /* BabyActionUpdateDto.swift in Sources */ = {isa = PBXBuildFile; fileRef = 2B0FFD5F2B5B06CE00C20C9A /* BabyActionUpdateDto.swift */; };
		2B0FFD622B5B0BB700C20C9A /* LatestActionsView.swift in Sources */ = {isa = PBXBuildFile; fileRef = 2B0FFD612B5B0BB700C20C9A /* LatestActionsView.swift */; };
		2B1F34B12B54865E004EA670 /* BabyCareApp.swift in Sources */ = {isa = PBXBuildFile; fileRef = 2B1F34B02B54865E004EA670 /* BabyCareApp.swift */; };
		2B1F34B32B54865E004EA670 /* ServiceInjection.swift in Sources */ = {isa = PBXBuildFile; fileRef = 2B1F34B22B54865E004EA670 /* ServiceInjection.swift */; };
		2B1F34B52B548660004EA670 /* Assets.xcassets in Resources */ = {isa = PBXBuildFile; fileRef = 2B1F34B42B548660004EA670 /* Assets.xcassets */; };
		2B1F34B82B548660004EA670 /* Preview Assets.xcassets in Resources */ = {isa = PBXBuildFile; fileRef = 2B1F34B72B548660004EA670 /* Preview Assets.xcassets */; };
		2B46AE362B5C73B70019D710 /* KeychainItem.swift in Sources */ = {isa = PBXBuildFile; fileRef = 2B46AE352B5C73B70019D710 /* KeychainItem.swift */; };
		2B46AE3A2B5C81120019D710 /* BabyActionExt.swift in Sources */ = {isa = PBXBuildFile; fileRef = 2B46AE392B5C81120019D710 /* BabyActionExt.swift */; };
		2B46AE3E2B5C816C0019D710 /* BabyAction.swift in Sources */ = {isa = PBXBuildFile; fileRef = 2B46AE3D2B5C816C0019D710 /* BabyAction.swift */; };
		2B46AE422B5D3C3A0019D710 /* BabyActionSyncRequestDto.swift in Sources */ = {isa = PBXBuildFile; fileRef = 2B46AE412B5D3C3A0019D710 /* BabyActionSyncRequestDto.swift */; };
		2B46AE442B5D3C710019D710 /* BabyActionSyncResponseDto.swift in Sources */ = {isa = PBXBuildFile; fileRef = 2B46AE432B5D3C710019D710 /* BabyActionSyncResponseDto.swift */; };
		2B46AE462B5D3CFF0019D710 /* SyncService.swift in Sources */ = {isa = PBXBuildFile; fileRef = 2B46AE452B5D3CFF0019D710 /* SyncService.swift */; };
		2B46AE482B5D781B0019D710 /* BabyCareDelegate.swift in Sources */ = {isa = PBXBuildFile; fileRef = 2B46AE472B5D781B0019D710 /* BabyCareDelegate.swift */; };
		2B46AE4B2B5D9D5E0019D710 /* BabyCareServiceContainer.swift in Sources */ = {isa = PBXBuildFile; fileRef = 2B46AE4A2B5D9D5E0019D710 /* BabyCareServiceContainer.swift */; };
		2B6D4D0C2B5E6E31000F6BFA /* NotificationService.swift in Sources */ = {isa = PBXBuildFile; fileRef = 2B6D4D0B2B5E6E31000F6BFA /* NotificationService.swift */; };
		2B6D4D0E2B5E825E000F6BFA /* LoginView.swift in Sources */ = {isa = PBXBuildFile; fileRef = 2B6D4D0D2B5E825E000F6BFA /* LoginView.swift */; };
		2B6D4D102B5E8464000F6BFA /* AuthenticationRequest.swift in Sources */ = {isa = PBXBuildFile; fileRef = 2B6D4D0F2B5E8464000F6BFA /* AuthenticationRequest.swift */; };
		2B6D4D122B5E8488000F6BFA /* AuthenticationResponse.swift in Sources */ = {isa = PBXBuildFile; fileRef = 2B6D4D112B5E8488000F6BFA /* AuthenticationResponse.swift */; };
		2B6D4D142B5E89A8000F6BFA /* NotifcationRegistrationDto.swift in Sources */ = {isa = PBXBuildFile; fileRef = 2B6D4D132B5E89A8000F6BFA /* NotifcationRegistrationDto.swift */; };
		2B9FDA902B5486F300B91132 /* MainView.swift in Sources */ = {isa = PBXBuildFile; fileRef = 2B9FDA8F2B5486F300B91132 /* MainView.swift */; };
		2B9FDA932B548AC500B91132 /* DataStore.xcdatamodeld in Sources */ = {isa = PBXBuildFile; fileRef = 2B9FDA912B548AC500B91132 /* DataStore.xcdatamodeld */; };
		2B9FDAA12B54905C00B91132 /* MainViewModel.swift in Sources */ = {isa = PBXBuildFile; fileRef = 2B9FDAA02B54905C00B91132 /* MainViewModel.swift */; };
		2BF568022B56B037004B3936 /* BabyActionService.swift in Sources */ = {isa = PBXBuildFile; fileRef = 2BF568012B56B037004B3936 /* BabyActionService.swift */; };
/* End PBXBuildFile section */

/* Begin PBXFileReference section */
		2B0FFD562B5951FB00C20C9A /* ApiService.swift */ = {isa = PBXFileReference; lastKnownFileType = sourcecode.swift; path = ApiService.swift; sourceTree = "<group>"; };
		2B0FFD592B59521A00C20C9A /* BabyActionCreateDto.swift */ = {isa = PBXFileReference; lastKnownFileType = sourcecode.swift; path = BabyActionCreateDto.swift; sourceTree = "<group>"; };
		2B0FFD5B2B595D9100C20C9A /* BabyActionDto.swift */ = {isa = PBXFileReference; lastKnownFileType = sourcecode.swift; path = BabyActionDto.swift; sourceTree = "<group>"; };
		2B0FFD5D2B5AFDD800C20C9A /* AuthenticationService.swift */ = {isa = PBXFileReference; lastKnownFileType = sourcecode.swift; path = AuthenticationService.swift; sourceTree = "<group>"; };
		2B0FFD5F2B5B06CE00C20C9A /* BabyActionUpdateDto.swift */ = {isa = PBXFileReference; lastKnownFileType = sourcecode.swift; path = BabyActionUpdateDto.swift; sourceTree = "<group>"; };
		2B0FFD612B5B0BB700C20C9A /* LatestActionsView.swift */ = {isa = PBXFileReference; lastKnownFileType = sourcecode.swift; path = LatestActionsView.swift; sourceTree = "<group>"; };
		2B1F34AD2B54865E004EA670 /* BabyCare.app */ = {isa = PBXFileReference; explicitFileType = wrapper.application; includeInIndex = 0; path = BabyCare.app; sourceTree = BUILT_PRODUCTS_DIR; };
		2B1F34B02B54865E004EA670 /* BabyCareApp.swift */ = {isa = PBXFileReference; lastKnownFileType = sourcecode.swift; path = BabyCareApp.swift; sourceTree = "<group>"; };
		2B1F34B22B54865E004EA670 /* ServiceInjection.swift */ = {isa = PBXFileReference; lastKnownFileType = sourcecode.swift; path = ServiceInjection.swift; sourceTree = "<group>"; };
		2B1F34B42B548660004EA670 /* Assets.xcassets */ = {isa = PBXFileReference; lastKnownFileType = folder.assetcatalog; path = Assets.xcassets; sourceTree = "<group>"; };
		2B1F34B72B548660004EA670 /* Preview Assets.xcassets */ = {isa = PBXFileReference; lastKnownFileType = folder.assetcatalog; path = "Preview Assets.xcassets"; sourceTree = "<group>"; };
		2B46AE352B5C73B70019D710 /* KeychainItem.swift */ = {isa = PBXFileReference; fileEncoding = 4; lastKnownFileType = sourcecode.swift; path = KeychainItem.swift; sourceTree = "<group>"; };
		2B46AE392B5C81120019D710 /* BabyActionExt.swift */ = {isa = PBXFileReference; lastKnownFileType = sourcecode.swift; path = BabyActionExt.swift; sourceTree = "<group>"; };
		2B46AE3D2B5C816C0019D710 /* BabyAction.swift */ = {isa = PBXFileReference; lastKnownFileType = sourcecode.swift; path = BabyAction.swift; sourceTree = "<group>"; };
		2B46AE412B5D3C3A0019D710 /* BabyActionSyncRequestDto.swift */ = {isa = PBXFileReference; lastKnownFileType = sourcecode.swift; path = BabyActionSyncRequestDto.swift; sourceTree = "<group>"; };
		2B46AE432B5D3C710019D710 /* BabyActionSyncResponseDto.swift */ = {isa = PBXFileReference; lastKnownFileType = sourcecode.swift; path = BabyActionSyncResponseDto.swift; sourceTree = "<group>"; };
		2B46AE452B5D3CFF0019D710 /* SyncService.swift */ = {isa = PBXFileReference; lastKnownFileType = sourcecode.swift; path = SyncService.swift; sourceTree = "<group>"; };
		2B46AE472B5D781B0019D710 /* BabyCareDelegate.swift */ = {isa = PBXFileReference; lastKnownFileType = sourcecode.swift; path = BabyCareDelegate.swift; sourceTree = "<group>"; };
		2B46AE492B5D794A0019D710 /* BabyCare.entitlements */ = {isa = PBXFileReference; lastKnownFileType = text.plist.entitlements; path = BabyCare.entitlements; sourceTree = "<group>"; };
		2B46AE4A2B5D9D5E0019D710 /* BabyCareServiceContainer.swift */ = {isa = PBXFileReference; lastKnownFileType = sourcecode.swift; path = BabyCareServiceContainer.swift; sourceTree = "<group>"; };
		2B46AE4C2B5DB8CE0019D710 /* Info.plist */ = {isa = PBXFileReference; lastKnownFileType = text.plist; path = Info.plist; sourceTree = "<group>"; };
		2B6D4D0B2B5E6E31000F6BFA /* NotificationService.swift */ = {isa = PBXFileReference; lastKnownFileType = sourcecode.swift; path = NotificationService.swift; sourceTree = "<group>"; };
		2B6D4D0D2B5E825E000F6BFA /* LoginView.swift */ = {isa = PBXFileReference; lastKnownFileType = sourcecode.swift; path = LoginView.swift; sourceTree = "<group>"; };
		2B6D4D0F2B5E8464000F6BFA /* AuthenticationRequest.swift */ = {isa = PBXFileReference; lastKnownFileType = sourcecode.swift; path = AuthenticationRequest.swift; sourceTree = "<group>"; };
		2B6D4D112B5E8488000F6BFA /* AuthenticationResponse.swift */ = {isa = PBXFileReference; lastKnownFileType = sourcecode.swift; path = AuthenticationResponse.swift; sourceTree = "<group>"; };
		2B6D4D132B5E89A8000F6BFA /* NotifcationRegistrationDto.swift */ = {isa = PBXFileReference; lastKnownFileType = sourcecode.swift; path = NotifcationRegistrationDto.swift; sourceTree = "<group>"; };
		2B9FDA8F2B5486F300B91132 /* MainView.swift */ = {isa = PBXFileReference; lastKnownFileType = sourcecode.swift; path = MainView.swift; sourceTree = "<group>"; };
		2B9FDA922B548AC500B91132 /* DataStore.xcdatamodel */ = {isa = PBXFileReference; lastKnownFileType = wrapper.xcdatamodel; path = DataStore.xcdatamodel; sourceTree = "<group>"; };
		2B9FDAA02B54905C00B91132 /* MainViewModel.swift */ = {isa = PBXFileReference; lastKnownFileType = sourcecode.swift; path = MainViewModel.swift; sourceTree = "<group>"; };
		2BF568012B56B037004B3936 /* BabyActionService.swift */ = {isa = PBXFileReference; lastKnownFileType = sourcecode.swift; path = BabyActionService.swift; sourceTree = "<group>"; };
/* End PBXFileReference section */

/* Begin PBXFrameworksBuildPhase section */
		2B1F34AA2B54865E004EA670 /* Frameworks */ = {
			isa = PBXFrameworksBuildPhase;
			buildActionMask = 2147483647;
			files = (
			);
			runOnlyForDeploymentPostprocessing = 0;
		};
/* End PBXFrameworksBuildPhase section */

/* Begin PBXGroup section */
		2B0FFD582B59520600C20C9A /* DataTransferObjects */ = {
			isa = PBXGroup;
			children = (
				2B0FFD592B59521A00C20C9A /* BabyActionCreateDto.swift */,
				2B0FFD5B2B595D9100C20C9A /* BabyActionDto.swift */,
				2B0FFD5F2B5B06CE00C20C9A /* BabyActionUpdateDto.swift */,
				2B46AE412B5D3C3A0019D710 /* BabyActionSyncRequestDto.swift */,
				2B46AE432B5D3C710019D710 /* BabyActionSyncResponseDto.swift */,
				2B6D4D0F2B5E8464000F6BFA /* AuthenticationRequest.swift */,
				2B6D4D112B5E8488000F6BFA /* AuthenticationResponse.swift */,
				2B6D4D132B5E89A8000F6BFA /* NotifcationRegistrationDto.swift */,
			);
			path = DataTransferObjects;
			sourceTree = "<group>";
		};
		2B1F34A42B54865E004EA670 = {
			isa = PBXGroup;
			children = (
				2B1F34AF2B54865E004EA670 /* BabyCare */,
				2B1F34AE2B54865E004EA670 /* Products */,
			);
			sourceTree = "<group>";
		};
		2B1F34AE2B54865E004EA670 /* Products */ = {
			isa = PBXGroup;
			children = (
				2B1F34AD2B54865E004EA670 /* BabyCare.app */,
			);
			name = Products;
			sourceTree = "<group>";
		};
		2B1F34AF2B54865E004EA670 /* BabyCare */ = {
			isa = PBXGroup;
			children = (
				2B46AE4C2B5DB8CE0019D710 /* Info.plist */,
				2B46AE342B5C73A90019D710 /* Core */,
				2BF567F92B56AFF6004B3936 /* Models */,
				2B9FDA8E2B5486D400B91132 /* Presentation */,
				2B1F34B62B548660004EA670 /* Preview Content */,
				2BF568002B56B022004B3936 /* Services */,
				2B1F34B02B54865E004EA670 /* BabyCareApp.swift */,
				2B46AE472B5D781B0019D710 /* BabyCareDelegate.swift */,
				2B46AE4A2B5D9D5E0019D710 /* BabyCareServiceContainer.swift */,
				2B1F34B22B54865E004EA670 /* ServiceInjection.swift */,
				2B46AE492B5D794A0019D710 /* BabyCare.entitlements */,
				2B1F34B42B548660004EA670 /* Assets.xcassets */,
				2B9FDA912B548AC500B91132 /* DataStore.xcdatamodeld */,
			);
			path = BabyCare;
			sourceTree = "<group>";
		};
		2B1F34B62B548660004EA670 /* Preview Content */ = {
			isa = PBXGroup;
			children = (
				2B1F34B72B548660004EA670 /* Preview Assets.xcassets */,
			);
			path = "Preview Content";
			sourceTree = "<group>";
		};
		2B46AE342B5C73A90019D710 /* Core */ = {
			isa = PBXGroup;
			children = (
				2B46AE352B5C73B70019D710 /* KeychainItem.swift */,
			);
			path = Core;
			sourceTree = "<group>";
		};
		2B9FDA8E2B5486D400B91132 /* Presentation */ = {
			isa = PBXGroup;
			children = (
				2B9FDA8F2B5486F300B91132 /* MainView.swift */,
				2B9FDAA02B54905C00B91132 /* MainViewModel.swift */,
				2B0FFD612B5B0BB700C20C9A /* LatestActionsView.swift */,
				2B6D4D0D2B5E825E000F6BFA /* LoginView.swift */,
			);
			path = Presentation;
			sourceTree = "<group>";
		};
		2BF567F92B56AFF6004B3936 /* Models */ = {
			isa = PBXGroup;
			children = (
				2B46AE3D2B5C816C0019D710 /* BabyAction.swift */,
				2B0FFD582B59520600C20C9A /* DataTransferObjects */,
				2B46AE392B5C81120019D710 /* BabyActionExt.swift */,
			);
			path = Models;
			sourceTree = "<group>";
		};
		2BF568002B56B022004B3936 /* Services */ = {
			isa = PBXGroup;
			children = (
				2B0FFD562B5951FB00C20C9A /* ApiService.swift */,
				2B0FFD5D2B5AFDD800C20C9A /* AuthenticationService.swift */,
				2BF568012B56B037004B3936 /* BabyActionService.swift */,
				2B46AE452B5D3CFF0019D710 /* SyncService.swift */,
				2B6D4D0B2B5E6E31000F6BFA /* NotificationService.swift */,
			);
			path = Services;
			sourceTree = "<group>";
		};
/* End PBXGroup section */

/* Begin PBXNativeTarget section */
		2B1F34AC2B54865E004EA670 /* BabyCare */ = {
			isa = PBXNativeTarget;
			buildConfigurationList = 2B1F34BB2B548660004EA670 /* Build configuration list for PBXNativeTarget "BabyCare" */;
			buildPhases = (
				2B1F34A92B54865E004EA670 /* Sources */,
				2B1F34AA2B54865E004EA670 /* Frameworks */,
				2B1F34AB2B54865E004EA670 /* Resources */,
			);
			buildRules = (
			);
			dependencies = (
			);
			name = BabyCare;
			packageProductDependencies = (
			);
			productName = BabyCare;
			productReference = 2B1F34AD2B54865E004EA670 /* BabyCare.app */;
			productType = "com.apple.product-type.application";
		};
/* End PBXNativeTarget section */

/* Begin PBXProject section */
		2B1F34A52B54865E004EA670 /* Project object */ = {
			isa = PBXProject;
			attributes = {
				BuildIndependentTargetsInParallel = 1;
				LastSwiftUpdateCheck = 1520;
				LastUpgradeCheck = 1520;
				TargetAttributes = {
					2B1F34AC2B54865E004EA670 = {
						CreatedOnToolsVersion = 15.2;
					};
				};
			};
			buildConfigurationList = 2B1F34A82B54865E004EA670 /* Build configuration list for PBXProject "BabyCare" */;
			compatibilityVersion = "Xcode 14.0";
			developmentRegion = en;
			hasScannedForEncodings = 0;
			knownRegions = (
				en,
				Base,
			);
			mainGroup = 2B1F34A42B54865E004EA670;
			packageReferences = (
			);
			productRefGroup = 2B1F34AE2B54865E004EA670 /* Products */;
			projectDirPath = "";
			projectRoot = "";
			targets = (
				2B1F34AC2B54865E004EA670 /* BabyCare */,
			);
		};
/* End PBXProject section */

/* Begin PBXResourcesBuildPhase section */
		2B1F34AB2B54865E004EA670 /* Resources */ = {
			isa = PBXResourcesBuildPhase;
			buildActionMask = 2147483647;
			files = (
				2B1F34B82B548660004EA670 /* Preview Assets.xcassets in Resources */,
				2B1F34B52B548660004EA670 /* Assets.xcassets in Resources */,
			);
			runOnlyForDeploymentPostprocessing = 0;
		};
/* End PBXResourcesBuildPhase section */

/* Begin PBXSourcesBuildPhase section */
		2B1F34A92B54865E004EA670 /* Sources */ = {
			isa = PBXSourcesBuildPhase;
			buildActionMask = 2147483647;
			files = (
				2B46AE362B5C73B70019D710 /* KeychainItem.swift in Sources */,
				2B1F34B32B54865E004EA670 /* ServiceInjection.swift in Sources */,
				2B46AE462B5D3CFF0019D710 /* SyncService.swift in Sources */,
				2B46AE422B5D3C3A0019D710 /* BabyActionSyncRequestDto.swift in Sources */,
				2B9FDA932B548AC500B91132 /* DataStore.xcdatamodeld in Sources */,
				2B46AE3E2B5C816C0019D710 /* BabyAction.swift in Sources */,
				2BF568022B56B037004B3936 /* BabyActionService.swift in Sources */,
				2B0FFD5C2B595D9100C20C9A /* BabyActionDto.swift in Sources */,
				2B6D4D0E2B5E825E000F6BFA /* LoginView.swift in Sources */,
				2B0FFD5E2B5AFDD800C20C9A /* AuthenticationService.swift in Sources */,
				2B46AE442B5D3C710019D710 /* BabyActionSyncResponseDto.swift in Sources */,
				2B9FDA902B5486F300B91132 /* MainView.swift in Sources */,
				2B6D4D102B5E8464000F6BFA /* AuthenticationRequest.swift in Sources */,
				2B1F34B12B54865E004EA670 /* BabyCareApp.swift in Sources */,
				2B46AE482B5D781B0019D710 /* BabyCareDelegate.swift in Sources */,
				2B0FFD5A2B59521A00C20C9A /* BabyActionCreateDto.swift in Sources */,
				2B0FFD572B5951FB00C20C9A /* ApiService.swift in Sources */,
				2B0FFD602B5B06CE00C20C9A /* BabyActionUpdateDto.swift in Sources */,
				2B6D4D142B5E89A8000F6BFA /* NotifcationRegistrationDto.swift in Sources */,
				2B6D4D0C2B5E6E31000F6BFA /* NotificationService.swift in Sources */,
				2B46AE3A2B5C81120019D710 /* BabyActionExt.swift in Sources */,
				2B9FDAA12B54905C00B91132 /* MainViewModel.swift in Sources */,
				2B46AE4B2B5D9D5E0019D710 /* BabyCareServiceContainer.swift in Sources */,
				2B6D4D122B5E8488000F6BFA /* AuthenticationResponse.swift in Sources */,
				2B0FFD622B5B0BB700C20C9A /* LatestActionsView.swift in Sources */,
			);
			runOnlyForDeploymentPostprocessing = 0;
		};
/* End PBXSourcesBuildPhase section */

/* Begin XCBuildConfiguration section */
		2B1F34B92B548660004EA670 /* Debug */ = {
			isa = XCBuildConfiguration;
			buildSettings = {
				ALWAYS_SEARCH_USER_PATHS = NO;
				ASSETCATALOG_COMPILER_GENERATE_SWIFT_ASSET_SYMBOL_EXTENSIONS = YES;
				CLANG_ANALYZER_NONNULL = YES;
				CLANG_ANALYZER_NUMBER_OBJECT_CONVERSION = YES_AGGRESSIVE;
				CLANG_CXX_LANGUAGE_STANDARD = "gnu++20";
				CLANG_ENABLE_MODULES = YES;
				CLANG_ENABLE_OBJC_ARC = YES;
				CLANG_ENABLE_OBJC_WEAK = YES;
				CLANG_WARN_BLOCK_CAPTURE_AUTORELEASING = YES;
				CLANG_WARN_BOOL_CONVERSION = YES;
				CLANG_WARN_COMMA = YES;
				CLANG_WARN_CONSTANT_CONVERSION = YES;
				CLANG_WARN_DEPRECATED_OBJC_IMPLEMENTATIONS = YES;
				CLANG_WARN_DIRECT_OBJC_ISA_USAGE = YES_ERROR;
				CLANG_WARN_DOCUMENTATION_COMMENTS = YES;
				CLANG_WARN_EMPTY_BODY = YES;
				CLANG_WARN_ENUM_CONVERSION = YES;
				CLANG_WARN_INFINITE_RECURSION = YES;
				CLANG_WARN_INT_CONVERSION = YES;
				CLANG_WARN_NON_LITERAL_NULL_CONVERSION = YES;
				CLANG_WARN_OBJC_IMPLICIT_RETAIN_SELF = YES;
				CLANG_WARN_OBJC_LITERAL_CONVERSION = YES;
				CLANG_WARN_OBJC_ROOT_CLASS = YES_ERROR;
				CLANG_WARN_QUOTED_INCLUDE_IN_FRAMEWORK_HEADER = YES;
				CLANG_WARN_RANGE_LOOP_ANALYSIS = YES;
				CLANG_WARN_STRICT_PROTOTYPES = YES;
				CLANG_WARN_SUSPICIOUS_MOVE = YES;
				CLANG_WARN_UNGUARDED_AVAILABILITY = YES_AGGRESSIVE;
				CLANG_WARN_UNREACHABLE_CODE = YES;
				CLANG_WARN__DUPLICATE_METHOD_MATCH = YES;
				COPY_PHASE_STRIP = NO;
				DEBUG_INFORMATION_FORMAT = dwarf;
				ENABLE_STRICT_OBJC_MSGSEND = YES;
				ENABLE_TESTABILITY = YES;
				ENABLE_USER_SCRIPT_SANDBOXING = YES;
				GCC_C_LANGUAGE_STANDARD = gnu17;
				GCC_DYNAMIC_NO_PIC = NO;
				GCC_NO_COMMON_BLOCKS = YES;
				GCC_OPTIMIZATION_LEVEL = 0;
				GCC_PREPROCESSOR_DEFINITIONS = (
					"DEBUG=1",
					"$(inherited)",
				);
				GCC_WARN_64_TO_32_BIT_CONVERSION = YES;
				GCC_WARN_ABOUT_RETURN_TYPE = YES_ERROR;
				GCC_WARN_UNDECLARED_SELECTOR = YES;
				GCC_WARN_UNINITIALIZED_AUTOS = YES_AGGRESSIVE;
				GCC_WARN_UNUSED_FUNCTION = YES;
				GCC_WARN_UNUSED_VARIABLE = YES;
				IPHONEOS_DEPLOYMENT_TARGET = 17.2;
				LOCALIZATION_PREFERS_STRING_CATALOGS = YES;
				MTL_ENABLE_DEBUG_INFO = INCLUDE_SOURCE;
				MTL_FAST_MATH = YES;
				ONLY_ACTIVE_ARCH = YES;
				SDKROOT = iphoneos;
				SWIFT_ACTIVE_COMPILATION_CONDITIONS = "DEBUG $(inherited)";
				SWIFT_OPTIMIZATION_LEVEL = "-Onone";
			};
			name = Debug;
		};
		2B1F34BA2B548660004EA670 /* Release */ = {
			isa = XCBuildConfiguration;
			buildSettings = {
				ALWAYS_SEARCH_USER_PATHS = NO;
				ASSETCATALOG_COMPILER_GENERATE_SWIFT_ASSET_SYMBOL_EXTENSIONS = YES;
				CLANG_ANALYZER_NONNULL = YES;
				CLANG_ANALYZER_NUMBER_OBJECT_CONVERSION = YES_AGGRESSIVE;
				CLANG_CXX_LANGUAGE_STANDARD = "gnu++20";
				CLANG_ENABLE_MODULES = YES;
				CLANG_ENABLE_OBJC_ARC = YES;
				CLANG_ENABLE_OBJC_WEAK = YES;
				CLANG_WARN_BLOCK_CAPTURE_AUTORELEASING = YES;
				CLANG_WARN_BOOL_CONVERSION = YES;
				CLANG_WARN_COMMA = YES;
				CLANG_WARN_CONSTANT_CONVERSION = YES;
				CLANG_WARN_DEPRECATED_OBJC_IMPLEMENTATIONS = YES;
				CLANG_WARN_DIRECT_OBJC_ISA_USAGE = YES_ERROR;
				CLANG_WARN_DOCUMENTATION_COMMENTS = YES;
				CLANG_WARN_EMPTY_BODY = YES;
				CLANG_WARN_ENUM_CONVERSION = YES;
				CLANG_WARN_INFINITE_RECURSION = YES;
				CLANG_WARN_INT_CONVERSION = YES;
				CLANG_WARN_NON_LITERAL_NULL_CONVERSION = YES;
				CLANG_WARN_OBJC_IMPLICIT_RETAIN_SELF = YES;
				CLANG_WARN_OBJC_LITERAL_CONVERSION = YES;
				CLANG_WARN_OBJC_ROOT_CLASS = YES_ERROR;
				CLANG_WARN_QUOTED_INCLUDE_IN_FRAMEWORK_HEADER = YES;
				CLANG_WARN_RANGE_LOOP_ANALYSIS = YES;
				CLANG_WARN_STRICT_PROTOTYPES = YES;
				CLANG_WARN_SUSPICIOUS_MOVE = YES;
				CLANG_WARN_UNGUARDED_AVAILABILITY = YES_AGGRESSIVE;
				CLANG_WARN_UNREACHABLE_CODE = YES;
				CLANG_WARN__DUPLICATE_METHOD_MATCH = YES;
				COPY_PHASE_STRIP = NO;
				DEBUG_INFORMATION_FORMAT = "dwarf-with-dsym";
				ENABLE_NS_ASSERTIONS = NO;
				ENABLE_STRICT_OBJC_MSGSEND = YES;
				ENABLE_USER_SCRIPT_SANDBOXING = YES;
				GCC_C_LANGUAGE_STANDARD = gnu17;
				GCC_NO_COMMON_BLOCKS = YES;
				GCC_WARN_64_TO_32_BIT_CONVERSION = YES;
				GCC_WARN_ABOUT_RETURN_TYPE = YES_ERROR;
				GCC_WARN_UNDECLARED_SELECTOR = YES;
				GCC_WARN_UNINITIALIZED_AUTOS = YES_AGGRESSIVE;
				GCC_WARN_UNUSED_FUNCTION = YES;
				GCC_WARN_UNUSED_VARIABLE = YES;
				IPHONEOS_DEPLOYMENT_TARGET = 17.2;
				LOCALIZATION_PREFERS_STRING_CATALOGS = YES;
				MTL_ENABLE_DEBUG_INFO = NO;
				MTL_FAST_MATH = YES;
				SDKROOT = iphoneos;
				SWIFT_COMPILATION_MODE = wholemodule;
				VALIDATE_PRODUCT = YES;
			};
			name = Release;
		};
		2B1F34BC2B548660004EA670 /* Debug */ = {
			isa = XCBuildConfiguration;
			buildSettings = {
				ASSETCATALOG_COMPILER_APPICON_NAME = AppIcon;
				ASSETCATALOG_COMPILER_GLOBAL_ACCENT_COLOR_NAME = AccentColor;
				CODE_SIGN_ENTITLEMENTS = BabyCare/BabyCare.entitlements;
				CODE_SIGN_IDENTITY = "Apple Development";
				CODE_SIGN_STYLE = Automatic;
				CURRENT_PROJECT_VERSION = 1;
				DEVELOPMENT_ASSET_PATHS = "\"BabyCare/Preview Content\"";
				DEVELOPMENT_TEAM = L23NTUN6KV;
				ENABLE_PREVIEWS = YES;
				ENABLE_TESTING_SEARCH_PATHS = YES;
				GENERATE_INFOPLIST_FILE = YES;
				INFOPLIST_FILE = BabyCare/Info.plist;
				INFOPLIST_KEY_UIApplicationSceneManifest_Generation = YES;
				INFOPLIST_KEY_UIApplicationSupportsIndirectInputEvents = YES;
				INFOPLIST_KEY_UILaunchScreen_Generation = YES;
				INFOPLIST_KEY_UISupportedInterfaceOrientations_iPad = "UIInterfaceOrientationPortrait UIInterfaceOrientationPortraitUpsideDown UIInterfaceOrientationLandscapeLeft UIInterfaceOrientationLandscapeRight";
				INFOPLIST_KEY_UISupportedInterfaceOrientations_iPhone = "UIInterfaceOrientationPortrait UIInterfaceOrientationLandscapeLeft UIInterfaceOrientationLandscapeRight";
				IPHONEOS_DEPLOYMENT_TARGET = 17.0;
				LD_RUNPATH_SEARCH_PATHS = (
					"$(inherited)",
					"@executable_path/Frameworks",
				);
				MARKETING_VERSION = 1.0;
				PRODUCT_BUNDLE_IDENTIFIER = com.bitechular.tinybaby;
				PRODUCT_NAME = "$(TARGET_NAME)";
				PROVISIONING_PROFILE_SPECIFIER = "";
				SWIFT_EMIT_LOC_STRINGS = YES;
				SWIFT_VERSION = 5.0;
				TARGETED_DEVICE_FAMILY = "1,2";
			};
			name = Debug;
		};
		2B1F34BD2B548660004EA670 /* Release */ = {
			isa = XCBuildConfiguration;
			buildSettings = {
				ASSETCATALOG_COMPILER_APPICON_NAME = AppIcon;
				ASSETCATALOG_COMPILER_GLOBAL_ACCENT_COLOR_NAME = AccentColor;
				CODE_SIGN_ENTITLEMENTS = BabyCare/BabyCare.entitlements;
				CODE_SIGN_IDENTITY = "Apple Development";
				CODE_SIGN_STYLE = Automatic;
				CURRENT_PROJECT_VERSION = 1;
				DEVELOPMENT_ASSET_PATHS = "\"BabyCare/Preview Content\"";
				DEVELOPMENT_TEAM = L23NTUN6KV;
				ENABLE_PREVIEWS = YES;
				ENABLE_TESTING_SEARCH_PATHS = YES;
				GENERATE_INFOPLIST_FILE = YES;
				INFOPLIST_FILE = BabyCare/Info.plist;
				INFOPLIST_KEY_UIApplicationSceneManifest_Generation = YES;
				INFOPLIST_KEY_UIApplicationSupportsIndirectInputEvents = YES;
				INFOPLIST_KEY_UILaunchScreen_Generation = YES;
				INFOPLIST_KEY_UISupportedInterfaceOrientations_iPad = "UIInterfaceOrientationPortrait UIInterfaceOrientationPortraitUpsideDown UIInterfaceOrientationLandscapeLeft UIInterfaceOrientationLandscapeRight";
				INFOPLIST_KEY_UISupportedInterfaceOrientations_iPhone = "UIInterfaceOrientationPortrait UIInterfaceOrientationLandscapeLeft UIInterfaceOrientationLandscapeRight";
				IPHONEOS_DEPLOYMENT_TARGET = 17.0;
				LD_RUNPATH_SEARCH_PATHS = (
					"$(inherited)",
					"@executable_path/Frameworks",
				);
				MARKETING_VERSION = 1.0;
				PRODUCT_BUNDLE_IDENTIFIER = com.bitechular.tinybaby;
				PRODUCT_NAME = "$(TARGET_NAME)";
				PROVISIONING_PROFILE_SPECIFIER = "";
				SWIFT_EMIT_LOC_STRINGS = YES;
				SWIFT_VERSION = 5.0;
				TARGETED_DEVICE_FAMILY = "1,2";
			};
			name = Release;
		};
/* End XCBuildConfiguration section */

/* Begin XCConfigurationList section */
		2B1F34A82B54865E004EA670 /* Build configuration list for PBXProject "BabyCare" */ = {
			isa = XCConfigurationList;
			buildConfigurations = (
				2B1F34B92B548660004EA670 /* Debug */,
				2B1F34BA2B548660004EA670 /* Release */,
			);
			defaultConfigurationIsVisible = 0;
			defaultConfigurationName = Release;
		};
		2B1F34BB2B548660004EA670 /* Build configuration list for PBXNativeTarget "BabyCare" */ = {
			isa = XCConfigurationList;
			buildConfigurations = (
				2B1F34BC2B548660004EA670 /* Debug */,
				2B1F34BD2B548660004EA670 /* Release */,
			);
			defaultConfigurationIsVisible = 0;
			defaultConfigurationName = Release;
		};
/* End XCConfigurationList section */

/* Begin XCVersionGroup section */
		2B9FDA912B548AC500B91132 /* DataStore.xcdatamodeld */ = {
			isa = XCVersionGroup;
			children = (
				2B9FDA922B548AC500B91132 /* DataStore.xcdatamodel */,
			);
			currentVersion = 2B9FDA922B548AC500B91132 /* DataStore.xcdatamodel */;
			path = DataStore.xcdatamodeld;
			sourceTree = "<group>";
			versionGroupType = wrapper.xcdatamodel;
		};
/* End XCVersionGroup section */
	};
	rootObject = 2B1F34A52B54865E004EA670 /* Project object */;
}
