// !$*UTF8*$!
{
	archiveVersion = 1;
	classes = {
	};
	objectVersion = 56;
	objects = {

/* Begin PBXBuildFile section */
		2B0FFD572B5951FB00C20C9A /* ApiService.swift in Sources */ = {isa = PBXBuildFile; fileRef = 2B0FFD562B5951FB00C20C9A /* ApiService.swift */; };
		2B0FFD5A2B59521A00C20C9A /* BabyActionCreateDto.swift in Sources */ = {isa = PBXBuildFile; fileRef = 2B0FFD592B59521A00C20C9A /* BabyActionCreateDto.swift */; };
		2B0FFD5C2B595D9100C20C9A /* BabyActionDto.swift in Sources */ = {isa = PBXBuildFile; fileRef = 2B0FFD5B2B595D9100C20C9A /* BabyActionDto.swift */; };
		2B0FFD5E2B5AFDD800C20C9A /* AuthenticationService.swift in Sources */ = {isa = PBXBuildFile; fileRef = 2B0FFD5D2B5AFDD800C20C9A /* AuthenticationService.swift */; };
		2B0FFD602B5B06CE00C20C9A /* BabyActionUpdateDto.swift in Sources */ = {isa = PBXBuildFile; fileRef = 2B0FFD5F2B5B06CE00C20C9A /* BabyActionUpdateDto.swift */; };
		2B0FFD622B5B0BB700C20C9A /* LatestActionsView.swift in Sources */ = {isa = PBXBuildFile; fileRef = 2B0FFD612B5B0BB700C20C9A /* LatestActionsView.swift */; };
		2B11499F2B68387A0096E427 /* SleepView.swift in Sources */ = {isa = PBXBuildFile; fileRef = 2B11499E2B68387A0096E427 /* SleepView.swift */; };
		2B1552E52B66540C00AD95FE /* SleepLog.swift in Sources */ = {isa = PBXBuildFile; fileRef = 2B1552E42B66540C00AD95FE /* SleepLog.swift */; };
		2B1552E72B66769600AD95FE /* FeedLog.swift in Sources */ = {isa = PBXBuildFile; fileRef = 2B1552E62B66769600AD95FE /* FeedLog.swift */; };
		2B1552E92B667F9900AD95FE /* BottleAction.swift in Sources */ = {isa = PBXBuildFile; fileRef = 2B1552E82B667F9900AD95FE /* BottleAction.swift */; };
		2B1552EB2B667FAC00AD95FE /* BottleActionExt.swift in Sources */ = {isa = PBXBuildFile; fileRef = 2B1552EA2B667FAC00AD95FE /* BottleActionExt.swift */; };
		2B1552ED2B66801B00AD95FE /* BottleActionDto.swift in Sources */ = {isa = PBXBuildFile; fileRef = 2B1552EC2B66801B00AD95FE /* BottleActionDto.swift */; };
		2B1552EF2B6680A900AD95FE /* BottleActionUpdateDto.swift in Sources */ = {isa = PBXBuildFile; fileRef = 2B1552EE2B6680A900AD95FE /* BottleActionUpdateDto.swift */; };
		2B1552F12B66819300AD95FE /* BottleActionCreateDto.swift in Sources */ = {isa = PBXBuildFile; fileRef = 2B1552F02B66819300AD95FE /* BottleActionCreateDto.swift */; };
		2B1552F32B66834500AD95FE /* BottleControlView.swift in Sources */ = {isa = PBXBuildFile; fileRef = 2B1552F22B66834500AD95FE /* BottleControlView.swift */; };
		2B1552F52B66DA3600AD95FE /* BottleActionMapper.swift in Sources */ = {isa = PBXBuildFile; fileRef = 2B1552F42B66DA3600AD95FE /* BottleActionMapper.swift */; };
		2B1A9A7B2B6BD7D4000FC5A3 /* DateHelpers.swift in Sources */ = {isa = PBXBuildFile; fileRef = 2B1A9A7A2B6BD7D4000FC5A3 /* DateHelpers.swift */; };
		2B1F34B12B54865E004EA670 /* BabyCareApp.swift in Sources */ = {isa = PBXBuildFile; fileRef = 2B1F34B02B54865E004EA670 /* BabyCareApp.swift */; };
		2B1F34B32B54865E004EA670 /* ServiceInjection.swift in Sources */ = {isa = PBXBuildFile; fileRef = 2B1F34B22B54865E004EA670 /* ServiceInjection.swift */; };
		2B1F34B52B548660004EA670 /* Assets.xcassets in Resources */ = {isa = PBXBuildFile; fileRef = 2B1F34B42B548660004EA670 /* Assets.xcassets */; };
		2B1F34B82B548660004EA670 /* Preview Assets.xcassets in Resources */ = {isa = PBXBuildFile; fileRef = 2B1F34B72B548660004EA670 /* Preview Assets.xcassets */; };
		2B220AC32B77A4DB00B183B7 /* FeedService.swift in Sources */ = {isa = PBXBuildFile; fileRef = 2B220AC22B77A4DB00B183B7 /* FeedService.swift */; };
		2B220AC52B77A6D500B183B7 /* DailyFeedDetails.swift in Sources */ = {isa = PBXBuildFile; fileRef = 2B220AC42B77A6D500B183B7 /* DailyFeedDetails.swift */; };
		2B220AC72B77A73700B183B7 /* DailyFeedDetailsExt.swift in Sources */ = {isa = PBXBuildFile; fileRef = 2B220AC62B77A73700B183B7 /* DailyFeedDetailsExt.swift */; };
		2B220AC92B78F25700B183B7 /* FeedDetailsContainer.swift in Sources */ = {isa = PBXBuildFile; fileRef = 2B220AC82B78F25700B183B7 /* FeedDetailsContainer.swift */; };
		2B220ACC2B7906E500B183B7 /* FeedWeekGraph.swift in Sources */ = {isa = PBXBuildFile; fileRef = 2B220ACB2B7906E500B183B7 /* FeedWeekGraph.swift */; };
		2B46AE362B5C73B70019D710 /* KeychainItem.swift in Sources */ = {isa = PBXBuildFile; fileRef = 2B46AE352B5C73B70019D710 /* KeychainItem.swift */; };
		2B46AE3A2B5C81120019D710 /* BabyActionExt.swift in Sources */ = {isa = PBXBuildFile; fileRef = 2B46AE392B5C81120019D710 /* BabyActionExt.swift */; };
		2B46AE422B5D3C3A0019D710 /* SyncRequestDto.swift in Sources */ = {isa = PBXBuildFile; fileRef = 2B46AE412B5D3C3A0019D710 /* SyncRequestDto.swift */; };
		2B46AE442B5D3C710019D710 /* SyncResponseDto.swift in Sources */ = {isa = PBXBuildFile; fileRef = 2B46AE432B5D3C710019D710 /* SyncResponseDto.swift */; };
		2B46AE462B5D3CFF0019D710 /* SyncService.swift in Sources */ = {isa = PBXBuildFile; fileRef = 2B46AE452B5D3CFF0019D710 /* SyncService.swift */; };
		2B46AE482B5D781B0019D710 /* BabyCareDelegate.swift in Sources */ = {isa = PBXBuildFile; fileRef = 2B46AE472B5D781B0019D710 /* BabyCareDelegate.swift */; };
		2B46AE4B2B5D9D5E0019D710 /* ServiceContainer.swift in Sources */ = {isa = PBXBuildFile; fileRef = 2B46AE4A2B5D9D5E0019D710 /* ServiceContainer.swift */; };
		2B51CBEE2B6D2363009A50F3 /* SettingsView.swift in Sources */ = {isa = PBXBuildFile; fileRef = 2B51CBED2B6D2363009A50F3 /* SettingsView.swift */; };
		2B51CBF02B6E6D24009A50F3 /* DeleteButton.swift in Sources */ = {isa = PBXBuildFile; fileRef = 2B51CBEF2B6E6D24009A50F3 /* DeleteButton.swift */; };
		2B51CBF42B7105C9009A50F3 /* DayView.swift in Sources */ = {isa = PBXBuildFile; fileRef = 2B51CBF32B7105C9009A50F3 /* DayView.swift */; };
		2B51CBF62B710655009A50F3 /* DaySummaryView.swift in Sources */ = {isa = PBXBuildFile; fileRef = 2B51CBF52B710655009A50F3 /* DaySummaryView.swift */; };
		2B54800A2B872815002D7835 /* UserPreferenceService.swift in Sources */ = {isa = PBXBuildFile; fileRef = 2B5480092B872815002D7835 /* UserPreferenceService.swift */; };
		2B54800C2B872889002D7835 /* DefaultBabySetting.swift in Sources */ = {isa = PBXBuildFile; fileRef = 2B54800B2B872889002D7835 /* DefaultBabySetting.swift */; };
		2B54800E2B8773EA002D7835 /* BabyPanelSettings.swift in Sources */ = {isa = PBXBuildFile; fileRef = 2B54800D2B8773EA002D7835 /* BabyPanelSettings.swift */; };
		2B5E46AB2D69FB84003649A8 /* ExpandingButton.swift in Sources */ = {isa = PBXBuildFile; fileRef = 2B5E46AA2D69FB84003649A8 /* ExpandingButton.swift */; };
		2B5E46AE2D69FBBB003649A8 /* ActionButton.swift in Sources */ = {isa = PBXBuildFile; fileRef = 2B5E46AD2D69FBBB003649A8 /* ActionButton.swift */; };
		2B5E46B02D69FBE2003649A8 /* InfoTile.swift in Sources */ = {isa = PBXBuildFile; fileRef = 2B5E46AF2D69FBE2003649A8 /* InfoTile.swift */; };
		2B5E46B32D69FC27003649A8 /* BackgroundView.swift in Sources */ = {isa = PBXBuildFile; fileRef = 2B5E46B22D69FC27003649A8 /* BackgroundView.swift */; };
		2B5E46B62D69FC6A003649A8 /* Well.swift in Sources */ = {isa = PBXBuildFile; fileRef = 2B5E46B52D69FC6A003649A8 /* Well.swift */; };
		2B5E46B82D69FC77003649A8 /* Panel.swift in Sources */ = {isa = PBXBuildFile; fileRef = 2B5E46B72D69FC77003649A8 /* Panel.swift */; };
		2B5E46BB2D6A0D22003649A8 /* FeedingCareView.swift in Sources */ = {isa = PBXBuildFile; fileRef = 2B5E46BA2D6A0D22003649A8 /* FeedingCareView.swift */; };
		2B5E46BD2D6A10D2003649A8 /* FeedingCareViewModel.swift in Sources */ = {isa = PBXBuildFile; fileRef = 2B5E46BC2D6A10D2003649A8 /* FeedingCareViewModel.swift */; };
		2B5E46BF2D6A11CE003649A8 /* FeedingCareDetailsView.swift in Sources */ = {isa = PBXBuildFile; fileRef = 2B5E46BE2D6A11CE003649A8 /* FeedingCareDetailsView.swift */; };
		2B5E46C12D6A14B5003649A8 /* ActiveFeedingView.swift in Sources */ = {isa = PBXBuildFile; fileRef = 2B5E46C02D6A14B5003649A8 /* ActiveFeedingView.swift */; };
		2B5E46C42D6A1B6E003649A8 /* FeedingGraphPreview.swift in Sources */ = {isa = PBXBuildFile; fileRef = 2B5E46C32D6A1B6E003649A8 /* FeedingGraphPreview.swift */; };
		2B6D4D0C2B5E6E31000F6BFA /* NotificationService.swift in Sources */ = {isa = PBXBuildFile; fileRef = 2B6D4D0B2B5E6E31000F6BFA /* NotificationService.swift */; };
		2B6D4D0E2B5E825E000F6BFA /* LoginView.swift in Sources */ = {isa = PBXBuildFile; fileRef = 2B6D4D0D2B5E825E000F6BFA /* LoginView.swift */; };
		2B6D4D102B5E8464000F6BFA /* AuthenticationRequest.swift in Sources */ = {isa = PBXBuildFile; fileRef = 2B6D4D0F2B5E8464000F6BFA /* AuthenticationRequest.swift */; };
		2B6D4D122B5E8488000F6BFA /* AuthenticationResponse.swift in Sources */ = {isa = PBXBuildFile; fileRef = 2B6D4D112B5E8488000F6BFA /* AuthenticationResponse.swift */; };
		2B6D4D142B5E89A8000F6BFA /* NotificationRegistrationDto.swift in Sources */ = {isa = PBXBuildFile; fileRef = 2B6D4D132B5E89A8000F6BFA /* NotificationRegistrationDto.swift */; };
		2B6D4D162B5E9281000F6BFA /* AuthButton.swift in Sources */ = {isa = PBXBuildFile; fileRef = 2B6D4D152B5E9281000F6BFA /* AuthButton.swift */; };
		2B6D4D182B5E952C000F6BFA /* AuthGuard.swift in Sources */ = {isa = PBXBuildFile; fileRef = 2B6D4D172B5E952C000F6BFA /* AuthGuard.swift */; };
		2B7A8DC22B71243200A72393 /* SleepActionDto.swift in Sources */ = {isa = PBXBuildFile; fileRef = 2B7A8DC12B71243200A72393 /* SleepActionDto.swift */; };
		2B7A8DC42B71245900A72393 /* SleepActionUpdateDto.swift in Sources */ = {isa = PBXBuildFile; fileRef = 2B7A8DC32B71245900A72393 /* SleepActionUpdateDto.swift */; };
		2B7A8DC62B71249800A72393 /* SleepAction.swift in Sources */ = {isa = PBXBuildFile; fileRef = 2B7A8DC52B71249800A72393 /* SleepAction.swift */; };
		2B7A8DC82B7124AF00A72393 /* SleepActionExt.swift in Sources */ = {isa = PBXBuildFile; fileRef = 2B7A8DC72B7124AF00A72393 /* SleepActionExt.swift */; };
		2B7A8DCA2B7125B600A72393 /* SleepActionCreateDto.swift in Sources */ = {isa = PBXBuildFile; fileRef = 2B7A8DC92B7125B600A72393 /* SleepActionCreateDto.swift */; };
		2B7A8DCC2B717BF300A72393 /* SleepService.swift in Sources */ = {isa = PBXBuildFile; fileRef = 2B7A8DCB2B717BF300A72393 /* SleepService.swift */; };
		2B7A8DCE2B726B5D00A72393 /* SleepDetailsView.swift in Sources */ = {isa = PBXBuildFile; fileRef = 2B7A8DCD2B726B5D00A72393 /* SleepDetailsView.swift */; };
		2B7A8DD02B726EC200A72393 /* IntFormatInterval.swift in Sources */ = {isa = PBXBuildFile; fileRef = 2B7A8DCF2B726EC200A72393 /* IntFormatInterval.swift */; };
		2B7A8DD22B726F2C00A72393 /* FeedService.old.swift in Sources */ = {isa = PBXBuildFile; fileRef = 2B7A8DD12B726F2C00A72393 /* FeedService.old.swift */; };
		2B7A8DD42B72717300A72393 /* FeedDetailsView.swift in Sources */ = {isa = PBXBuildFile; fileRef = 2B7A8DD32B72717300A72393 /* FeedDetailsView.swift */; };
		2B7A8DD62B7384AF00A72393 /* BabyServiceContainer.swift in Sources */ = {isa = PBXBuildFile; fileRef = 2B7A8DD52B7384AF00A72393 /* BabyServiceContainer.swift */; };
		2B7A8DD82B73B8DE00A72393 /* DailySleepDetails.swift in Sources */ = {isa = PBXBuildFile; fileRef = 2B7A8DD72B73B8DE00A72393 /* DailySleepDetails.swift */; };
		2B7A8DDA2B73C07800A72393 /* DailySleepDetailsExt.swift in Sources */ = {isa = PBXBuildFile; fileRef = 2B7A8DD92B73C07800A72393 /* DailySleepDetailsExt.swift */; };
		2B7A8DDC2B7503FB00A72393 /* ActionService.swift in Sources */ = {isa = PBXBuildFile; fileRef = 2B7A8DDB2B7503FB00A72393 /* ActionService.swift */; };
		2B8B45922D6611A200F51D21 /* Logger.swift in Sources */ = {isa = PBXBuildFile; fileRef = 2B8B45912D6611A200F51D21 /* Logger.swift */; };
		2B8B45962D67655000F51D21 /* SleepCareView.swift in Sources */ = {isa = PBXBuildFile; fileRef = 2B8B45952D67655000F51D21 /* SleepCareView.swift */; };
		2B8B45982D6779F800F51D21 /* SleepCareDetailsView.swift in Sources */ = {isa = PBXBuildFile; fileRef = 2B8B45972D6779F800F51D21 /* SleepCareDetailsView.swift */; };
		2B8B459A2D68B47400F51D21 /* SleepGraphPreview.swift in Sources */ = {isa = PBXBuildFile; fileRef = 2B8B45992D68B47400F51D21 /* SleepGraphPreview.swift */; };
		2B8B459C2D68B4CF00F51D21 /* ActiveSleepView.swift in Sources */ = {isa = PBXBuildFile; fileRef = 2B8B459B2D68B4CF00F51D21 /* ActiveSleepView.swift */; };
		2B8B459E2D68B4E900F51D21 /* RefreshingElapsedTimeText.swift in Sources */ = {isa = PBXBuildFile; fileRef = 2B8B459D2D68B4E900F51D21 /* RefreshingElapsedTimeText.swift */; };
		2B8B45A02D68B51000F51D21 /* SleepCareViewModel.swift in Sources */ = {isa = PBXBuildFile; fileRef = 2B8B459F2D68B51000F51D21 /* SleepCareViewModel.swift */; };
		2B8C18542D706269006FE7EC /* SleepGraphView.swift in Sources */ = {isa = PBXBuildFile; fileRef = 2B8C18532D706269006FE7EC /* SleepGraphView.swift */; };
		2B8C18562D709A8D006FE7EC /* FeedGraphView.swift in Sources */ = {isa = PBXBuildFile; fileRef = 2B8C18552D709A8D006FE7EC /* FeedGraphView.swift */; };
		2B97B7D22B75806E0050B8DC /* SleepWeekGraph.swift in Sources */ = {isa = PBXBuildFile; fileRef = 2B97B7D12B75806E0050B8DC /* SleepWeekGraph.swift */; };
		2B9FDA902B5486F300B91132 /* MainView.swift in Sources */ = {isa = PBXBuildFile; fileRef = 2B9FDA8F2B5486F300B91132 /* MainView.swift */; };
		2B9FDA932B548AC500B91132 /* DataStore.xcdatamodeld in Sources */ = {isa = PBXBuildFile; fileRef = 2B9FDA912B548AC500B91132 /* DataStore.xcdatamodeld */; };
		2B9FDAA12B54905C00B91132 /* MainViewModel.swift in Sources */ = {isa = PBXBuildFile; fileRef = 2B9FDAA02B54905C00B91132 /* MainViewModel.swift */; };
		2BB200442B91125B001E3EF3 /* ElapsedTimeText.swift in Sources */ = {isa = PBXBuildFile; fileRef = 2BB200432B91125B001E3EF3 /* ElapsedTimeText.swift */; };
		2BC0E4CE2B68456500E5A60A /* FeedView.swift in Sources */ = {isa = PBXBuildFile; fileRef = 2BC0E4CD2B68456500E5A60A /* FeedView.swift */; };
		2BC0E4D02B69144000E5A60A /* BottleLog.swift in Sources */ = {isa = PBXBuildFile; fileRef = 2BC0E4CF2B69144000E5A60A /* BottleLog.swift */; };
		2BC0E4D22B69147100E5A60A /* BottleView.swift in Sources */ = {isa = PBXBuildFile; fileRef = 2BC0E4D12B69147100E5A60A /* BottleView.swift */; };
		2BC0E4D52B691DE700E5A60A /* UIApplicationHideKeyboard.swift in Sources */ = {isa = PBXBuildFile; fileRef = 2BC0E4D42B691DE700E5A60A /* UIApplicationHideKeyboard.swift */; };
		2BECD6822B711A4600BF174D /* FeedRepository.swift in Sources */ = {isa = PBXBuildFile; fileRef = 2BECD6812B711A4600BF174D /* FeedRepository.swift */; };
		2BECD6842B711CA800BF174D /* BottleRepository.swift in Sources */ = {isa = PBXBuildFile; fileRef = 2BECD6832B711CA800BF174D /* BottleRepository.swift */; };
		2BECD6862B71237800BF174D /* SleepActionMapper.swift in Sources */ = {isa = PBXBuildFile; fileRef = 2BECD6852B71237800BF174D /* SleepActionMapper.swift */; };
		2BF16EBF2B600FF400A84DE3 /* BabyService.swift in Sources */ = {isa = PBXBuildFile; fileRef = 2BF16EBE2B600FF400A84DE3 /* BabyService.swift */; };
		2BF16EC12B60104000A84DE3 /* BabyDto.swift in Sources */ = {isa = PBXBuildFile; fileRef = 2BF16EC02B60104000A84DE3 /* BabyDto.swift */; };
		2BF16EC32B6010DE00A84DE3 /* BabyExt.swift in Sources */ = {isa = PBXBuildFile; fileRef = 2BF16EC22B6010DE00A84DE3 /* BabyExt.swift */; };
		2BF16EC52B60159900A84DE3 /* BabySelector.swift in Sources */ = {isa = PBXBuildFile; fileRef = 2BF16EC42B60159900A84DE3 /* BabySelector.swift */; };
		2BF16ED52B613A5B00A84DE3 /* BabyViewModel.swift in Sources */ = {isa = PBXBuildFile; fileRef = 2BF16ED42B613A5B00A84DE3 /* BabyViewModel.swift */; };
		2BF16EDC2B613B4F00A84DE3 /* BabyView.swift in Sources */ = {isa = PBXBuildFile; fileRef = 2BF16EDB2B613B4F00A84DE3 /* BabyView.swift */; };
		2BF16EDF2B613E0A00A84DE3 /* SleepControlView.swift in Sources */ = {isa = PBXBuildFile; fileRef = 2BF16EDE2B613E0A00A84DE3 /* SleepControlView.swift */; };
		2BF16EE22B618FCA00A84DE3 /* FeedControlView.swift in Sources */ = {isa = PBXBuildFile; fileRef = 2BF16EE12B618FCA00A84DE3 /* FeedControlView.swift */; };
		2BF16EE82B62631A00A84DE3 /* FeedActionDto.swift in Sources */ = {isa = PBXBuildFile; fileRef = 2BF16EE72B62631A00A84DE3 /* FeedActionDto.swift */; };
		2BF16EEA2B62634A00A84DE3 /* ActionDto.swift in Sources */ = {isa = PBXBuildFile; fileRef = 2BF16EE92B62634A00A84DE3 /* ActionDto.swift */; };
		2BF16EF02B62650D00A84DE3 /* Baby.swift in Sources */ = {isa = PBXBuildFile; fileRef = 2BF16EED2B62650D00A84DE3 /* Baby.swift */; };
		2BF16EF12B62650D00A84DE3 /* FeedAction.swift in Sources */ = {isa = PBXBuildFile; fileRef = 2BF16EEE2B62650D00A84DE3 /* FeedAction.swift */; };
		2BF16EF42B62654F00A84DE3 /* Action.swift in Sources */ = {isa = PBXBuildFile; fileRef = 2BF16EF32B62654F00A84DE3 /* Action.swift */; };
		2BF16EF62B6265AE00A84DE3 /* BabyAction.swift in Sources */ = {isa = PBXBuildFile; fileRef = 2BF16EF52B6265AE00A84DE3 /* BabyAction.swift */; };
		2BF16EF82B62662900A84DE3 /* FeedActionExt.swift in Sources */ = {isa = PBXBuildFile; fileRef = 2BF16EF72B62662900A84DE3 /* FeedActionExt.swift */; };
		2BF16EFB2B627F5300A84DE3 /* ActionMapper.swift in Sources */ = {isa = PBXBuildFile; fileRef = 2BF16EFA2B627F5300A84DE3 /* ActionMapper.swift */; };
		2BF16EFD2B6280B900A84DE3 /* DefaultActionMapper.swift in Sources */ = {isa = PBXBuildFile; fileRef = 2BF16EFC2B6280B900A84DE3 /* DefaultActionMapper.swift */; };
		2BF16EFF2B6281B000A84DE3 /* ActionMapperService.swift in Sources */ = {isa = PBXBuildFile; fileRef = 2BF16EFE2B6281B000A84DE3 /* ActionMapperService.swift */; };
		2BF16F012B62824900A84DE3 /* FeedActionMapper.swift in Sources */ = {isa = PBXBuildFile; fileRef = 2BF16F002B62824900A84DE3 /* FeedActionMapper.swift */; };
		2BF16F032B6285D600A84DE3 /* ActionUpdateDto.swift in Sources */ = {isa = PBXBuildFile; fileRef = 2BF16F022B6285D600A84DE3 /* ActionUpdateDto.swift */; };
		2BF16F052B6285FE00A84DE3 /* ActionCreateDto.swift in Sources */ = {isa = PBXBuildFile; fileRef = 2BF16F042B6285FE00A84DE3 /* ActionCreateDto.swift */; };
		2BF16F082B62887700A84DE3 /* FeedActionUpdateDto.swift in Sources */ = {isa = PBXBuildFile; fileRef = 2BF16F072B62887700A84DE3 /* FeedActionUpdateDto.swift */; };
		2BF16F0A2B62889000A84DE3 /* FeedActionCreateDto.swift in Sources */ = {isa = PBXBuildFile; fileRef = 2BF16F092B62889000A84DE3 /* FeedActionCreateDto.swift */; };
		2BF44F5A2D6F26D100E72A72 /* PopOver.swift in Sources */ = {isa = PBXBuildFile; fileRef = 2BF44F592D6F26D100E72A72 /* PopOver.swift */; };
		2BF44F5F2D6F358400E72A72 /* SwiftUIIntrospect in Frameworks */ = {isa = PBXBuildFile; productRef = 2BF44F5E2D6F358400E72A72 /* SwiftUIIntrospect */; };
		2BF44F612D6F358400E72A72 /* SwiftUIIntrospect-Dynamic in Frameworks */ = {isa = PBXBuildFile; productRef = 2BF44F602D6F358400E72A72 /* SwiftUIIntrospect-Dynamic */; };
		2BF44F632D6F358400E72A72 /* SwiftUIIntrospect-Static in Frameworks */ = {isa = PBXBuildFile; productRef = 2BF44F622D6F358400E72A72 /* SwiftUIIntrospect-Static */; };
		2BF44F662D6F3C3D00E72A72 /* NavigationTransitions in Frameworks */ = {isa = PBXBuildFile; productRef = 2BF44F652D6F3C3D00E72A72 /* NavigationTransitions */; };
		2BF44F682D6F3EBD00E72A72 /* NavigationTransitions.swift in Sources */ = {isa = PBXBuildFile; fileRef = 2BF44F672D6F3EBD00E72A72 /* NavigationTransitions.swift */; };
		2BF568022B56B037004B3936 /* BabyActionService.swift in Sources */ = {isa = PBXBuildFile; fileRef = 2BF568012B56B037004B3936 /* BabyActionService.swift */; };
/* End PBXBuildFile section */

/* Begin PBXFileReference section */
		2B0FFD562B5951FB00C20C9A /* ApiService.swift */ = {isa = PBXFileReference; lastKnownFileType = sourcecode.swift; path = ApiService.swift; sourceTree = "<group>"; };
		2B0FFD592B59521A00C20C9A /* BabyActionCreateDto.swift */ = {isa = PBXFileReference; lastKnownFileType = sourcecode.swift; path = BabyActionCreateDto.swift; sourceTree = "<group>"; };
		2B0FFD5B2B595D9100C20C9A /* BabyActionDto.swift */ = {isa = PBXFileReference; lastKnownFileType = sourcecode.swift; path = BabyActionDto.swift; sourceTree = "<group>"; };
		2B0FFD5D2B5AFDD800C20C9A /* AuthenticationService.swift */ = {isa = PBXFileReference; lastKnownFileType = sourcecode.swift; path = AuthenticationService.swift; sourceTree = "<group>"; };
		2B0FFD5F2B5B06CE00C20C9A /* BabyActionUpdateDto.swift */ = {isa = PBXFileReference; lastKnownFileType = sourcecode.swift; path = BabyActionUpdateDto.swift; sourceTree = "<group>"; };
		2B0FFD612B5B0BB700C20C9A /* LatestActionsView.swift */ = {isa = PBXFileReference; lastKnownFileType = sourcecode.swift; path = LatestActionsView.swift; sourceTree = "<group>"; };
		2B11499E2B68387A0096E427 /* SleepView.swift */ = {isa = PBXFileReference; lastKnownFileType = sourcecode.swift; path = SleepView.swift; sourceTree = "<group>"; };
		2B1552E42B66540C00AD95FE /* SleepLog.swift */ = {isa = PBXFileReference; lastKnownFileType = sourcecode.swift; path = SleepLog.swift; sourceTree = "<group>"; };
		2B1552E62B66769600AD95FE /* FeedLog.swift */ = {isa = PBXFileReference; lastKnownFileType = sourcecode.swift; path = FeedLog.swift; sourceTree = "<group>"; };
		2B1552E82B667F9900AD95FE /* BottleAction.swift */ = {isa = PBXFileReference; lastKnownFileType = sourcecode.swift; path = BottleAction.swift; sourceTree = "<group>"; };
		2B1552EA2B667FAC00AD95FE /* BottleActionExt.swift */ = {isa = PBXFileReference; lastKnownFileType = sourcecode.swift; path = BottleActionExt.swift; sourceTree = "<group>"; };
		2B1552EC2B66801B00AD95FE /* BottleActionDto.swift */ = {isa = PBXFileReference; lastKnownFileType = sourcecode.swift; path = BottleActionDto.swift; sourceTree = "<group>"; };
		2B1552EE2B6680A900AD95FE /* BottleActionUpdateDto.swift */ = {isa = PBXFileReference; lastKnownFileType = sourcecode.swift; path = BottleActionUpdateDto.swift; sourceTree = "<group>"; };
		2B1552F02B66819300AD95FE /* BottleActionCreateDto.swift */ = {isa = PBXFileReference; lastKnownFileType = sourcecode.swift; path = BottleActionCreateDto.swift; sourceTree = "<group>"; };
		2B1552F22B66834500AD95FE /* BottleControlView.swift */ = {isa = PBXFileReference; lastKnownFileType = sourcecode.swift; path = BottleControlView.swift; sourceTree = "<group>"; };
		2B1552F42B66DA3600AD95FE /* BottleActionMapper.swift */ = {isa = PBXFileReference; lastKnownFileType = sourcecode.swift; path = BottleActionMapper.swift; sourceTree = "<group>"; };
		2B1A9A7A2B6BD7D4000FC5A3 /* DateHelpers.swift */ = {isa = PBXFileReference; lastKnownFileType = sourcecode.swift; path = DateHelpers.swift; sourceTree = "<group>"; };
		2B1F34AD2B54865E004EA670 /* BabyCare.app */ = {isa = PBXFileReference; explicitFileType = wrapper.application; includeInIndex = 0; path = BabyCare.app; sourceTree = BUILT_PRODUCTS_DIR; };
		2B1F34B02B54865E004EA670 /* BabyCareApp.swift */ = {isa = PBXFileReference; lastKnownFileType = sourcecode.swift; path = BabyCareApp.swift; sourceTree = "<group>"; };
		2B1F34B22B54865E004EA670 /* ServiceInjection.swift */ = {isa = PBXFileReference; lastKnownFileType = sourcecode.swift; path = ServiceInjection.swift; sourceTree = "<group>"; };
		2B1F34B42B548660004EA670 /* Assets.xcassets */ = {isa = PBXFileReference; lastKnownFileType = folder.assetcatalog; path = Assets.xcassets; sourceTree = "<group>"; };
		2B1F34B72B548660004EA670 /* Preview Assets.xcassets */ = {isa = PBXFileReference; lastKnownFileType = folder.assetcatalog; path = "Preview Assets.xcassets"; sourceTree = "<group>"; };
		2B220AC22B77A4DB00B183B7 /* FeedService.swift */ = {isa = PBXFileReference; lastKnownFileType = sourcecode.swift; path = FeedService.swift; sourceTree = "<group>"; };
		2B220AC42B77A6D500B183B7 /* DailyFeedDetails.swift */ = {isa = PBXFileReference; lastKnownFileType = sourcecode.swift; path = DailyFeedDetails.swift; sourceTree = "<group>"; };
		2B220AC62B77A73700B183B7 /* DailyFeedDetailsExt.swift */ = {isa = PBXFileReference; lastKnownFileType = sourcecode.swift; path = DailyFeedDetailsExt.swift; sourceTree = "<group>"; };
		2B220AC82B78F25700B183B7 /* FeedDetailsContainer.swift */ = {isa = PBXFileReference; lastKnownFileType = sourcecode.swift; path = FeedDetailsContainer.swift; sourceTree = "<group>"; };
		2B220ACB2B7906E500B183B7 /* FeedWeekGraph.swift */ = {isa = PBXFileReference; lastKnownFileType = sourcecode.swift; path = FeedWeekGraph.swift; sourceTree = "<group>"; };
		2B46AE352B5C73B70019D710 /* KeychainItem.swift */ = {isa = PBXFileReference; fileEncoding = 4; lastKnownFileType = sourcecode.swift; path = KeychainItem.swift; sourceTree = "<group>"; };
		2B46AE392B5C81120019D710 /* BabyActionExt.swift */ = {isa = PBXFileReference; lastKnownFileType = sourcecode.swift; path = BabyActionExt.swift; sourceTree = "<group>"; };
		2B46AE412B5D3C3A0019D710 /* SyncRequestDto.swift */ = {isa = PBXFileReference; lastKnownFileType = sourcecode.swift; path = SyncRequestDto.swift; sourceTree = "<group>"; };
		2B46AE432B5D3C710019D710 /* SyncResponseDto.swift */ = {isa = PBXFileReference; lastKnownFileType = sourcecode.swift; path = SyncResponseDto.swift; sourceTree = "<group>"; };
		2B46AE452B5D3CFF0019D710 /* SyncService.swift */ = {isa = PBXFileReference; lastKnownFileType = sourcecode.swift; path = SyncService.swift; sourceTree = "<group>"; };
		2B46AE472B5D781B0019D710 /* BabyCareDelegate.swift */ = {isa = PBXFileReference; lastKnownFileType = sourcecode.swift; path = BabyCareDelegate.swift; sourceTree = "<group>"; };
		2B46AE492B5D794A0019D710 /* BabyCare.entitlements */ = {isa = PBXFileReference; lastKnownFileType = text.plist.entitlements; path = BabyCare.entitlements; sourceTree = "<group>"; };
		2B46AE4A2B5D9D5E0019D710 /* ServiceContainer.swift */ = {isa = PBXFileReference; lastKnownFileType = sourcecode.swift; path = ServiceContainer.swift; sourceTree = "<group>"; };
		2B46AE4C2B5DB8CE0019D710 /* Info.plist */ = {isa = PBXFileReference; lastKnownFileType = text.plist; path = Info.plist; sourceTree = "<group>"; };
		2B51CBED2B6D2363009A50F3 /* SettingsView.swift */ = {isa = PBXFileReference; lastKnownFileType = sourcecode.swift; path = SettingsView.swift; sourceTree = "<group>"; };
		2B51CBEF2B6E6D24009A50F3 /* DeleteButton.swift */ = {isa = PBXFileReference; lastKnownFileType = sourcecode.swift; path = DeleteButton.swift; sourceTree = "<group>"; };
		2B51CBF32B7105C9009A50F3 /* DayView.swift */ = {isa = PBXFileReference; lastKnownFileType = sourcecode.swift; path = DayView.swift; sourceTree = "<group>"; };
		2B51CBF52B710655009A50F3 /* DaySummaryView.swift */ = {isa = PBXFileReference; lastKnownFileType = sourcecode.swift; path = DaySummaryView.swift; sourceTree = "<group>"; };
		2B5480092B872815002D7835 /* UserPreferenceService.swift */ = {isa = PBXFileReference; lastKnownFileType = sourcecode.swift; path = UserPreferenceService.swift; sourceTree = "<group>"; };
		2B54800B2B872889002D7835 /* DefaultBabySetting.swift */ = {isa = PBXFileReference; lastKnownFileType = sourcecode.swift; path = DefaultBabySetting.swift; sourceTree = "<group>"; };
		2B54800D2B8773EA002D7835 /* BabyPanelSettings.swift */ = {isa = PBXFileReference; lastKnownFileType = sourcecode.swift; path = BabyPanelSettings.swift; sourceTree = "<group>"; };
		2B5E46AA2D69FB84003649A8 /* ExpandingButton.swift */ = {isa = PBXFileReference; lastKnownFileType = sourcecode.swift; path = ExpandingButton.swift; sourceTree = "<group>"; };
		2B5E46AD2D69FBBB003649A8 /* ActionButton.swift */ = {isa = PBXFileReference; lastKnownFileType = sourcecode.swift; path = ActionButton.swift; sourceTree = "<group>"; };
		2B5E46AF2D69FBE2003649A8 /* InfoTile.swift */ = {isa = PBXFileReference; lastKnownFileType = sourcecode.swift; path = InfoTile.swift; sourceTree = "<group>"; };
		2B5E46B22D69FC27003649A8 /* BackgroundView.swift */ = {isa = PBXFileReference; lastKnownFileType = sourcecode.swift; path = BackgroundView.swift; sourceTree = "<group>"; };
		2B5E46B52D69FC6A003649A8 /* Well.swift */ = {isa = PBXFileReference; lastKnownFileType = sourcecode.swift; path = Well.swift; sourceTree = "<group>"; };
		2B5E46B72D69FC77003649A8 /* Panel.swift */ = {isa = PBXFileReference; lastKnownFileType = sourcecode.swift; path = Panel.swift; sourceTree = "<group>"; };
		2B5E46BA2D6A0D22003649A8 /* FeedingCareView.swift */ = {isa = PBXFileReference; lastKnownFileType = sourcecode.swift; path = FeedingCareView.swift; sourceTree = "<group>"; };
		2B5E46BC2D6A10D2003649A8 /* FeedingCareViewModel.swift */ = {isa = PBXFileReference; lastKnownFileType = sourcecode.swift; path = FeedingCareViewModel.swift; sourceTree = "<group>"; };
		2B5E46BE2D6A11CE003649A8 /* FeedingCareDetailsView.swift */ = {isa = PBXFileReference; lastKnownFileType = sourcecode.swift; path = FeedingCareDetailsView.swift; sourceTree = "<group>"; };
		2B5E46C02D6A14B5003649A8 /* ActiveFeedingView.swift */ = {isa = PBXFileReference; lastKnownFileType = sourcecode.swift; path = ActiveFeedingView.swift; sourceTree = "<group>"; };
		2B5E46C32D6A1B6E003649A8 /* FeedingGraphPreview.swift */ = {isa = PBXFileReference; lastKnownFileType = sourcecode.swift; path = FeedingGraphPreview.swift; sourceTree = "<group>"; };
		2B6D4D0B2B5E6E31000F6BFA /* NotificationService.swift */ = {isa = PBXFileReference; lastKnownFileType = sourcecode.swift; path = NotificationService.swift; sourceTree = "<group>"; };
		2B6D4D0D2B5E825E000F6BFA /* LoginView.swift */ = {isa = PBXFileReference; lastKnownFileType = sourcecode.swift; path = LoginView.swift; sourceTree = "<group>"; };
		2B6D4D0F2B5E8464000F6BFA /* AuthenticationRequest.swift */ = {isa = PBXFileReference; lastKnownFileType = sourcecode.swift; path = AuthenticationRequest.swift; sourceTree = "<group>"; };
		2B6D4D112B5E8488000F6BFA /* AuthenticationResponse.swift */ = {isa = PBXFileReference; lastKnownFileType = sourcecode.swift; path = AuthenticationResponse.swift; sourceTree = "<group>"; };
		2B6D4D132B5E89A8000F6BFA /* NotificationRegistrationDto.swift */ = {isa = PBXFileReference; lastKnownFileType = sourcecode.swift; path = NotificationRegistrationDto.swift; sourceTree = "<group>"; };
		2B6D4D152B5E9281000F6BFA /* AuthButton.swift */ = {isa = PBXFileReference; lastKnownFileType = sourcecode.swift; path = AuthButton.swift; sourceTree = "<group>"; };
		2B6D4D172B5E952C000F6BFA /* AuthGuard.swift */ = {isa = PBXFileReference; lastKnownFileType = sourcecode.swift; path = AuthGuard.swift; sourceTree = "<group>"; };
		2B7A8DC12B71243200A72393 /* SleepActionDto.swift */ = {isa = PBXFileReference; lastKnownFileType = sourcecode.swift; path = SleepActionDto.swift; sourceTree = "<group>"; };
		2B7A8DC32B71245900A72393 /* SleepActionUpdateDto.swift */ = {isa = PBXFileReference; lastKnownFileType = sourcecode.swift; path = SleepActionUpdateDto.swift; sourceTree = "<group>"; };
		2B7A8DC52B71249800A72393 /* SleepAction.swift */ = {isa = PBXFileReference; lastKnownFileType = sourcecode.swift; path = SleepAction.swift; sourceTree = "<group>"; };
		2B7A8DC72B7124AF00A72393 /* SleepActionExt.swift */ = {isa = PBXFileReference; lastKnownFileType = sourcecode.swift; path = SleepActionExt.swift; sourceTree = "<group>"; };
		2B7A8DC92B7125B600A72393 /* SleepActionCreateDto.swift */ = {isa = PBXFileReference; lastKnownFileType = sourcecode.swift; path = SleepActionCreateDto.swift; sourceTree = "<group>"; };
		2B7A8DCB2B717BF300A72393 /* SleepService.swift */ = {isa = PBXFileReference; lastKnownFileType = sourcecode.swift; path = SleepService.swift; sourceTree = "<group>"; };
		2B7A8DCD2B726B5D00A72393 /* SleepDetailsView.swift */ = {isa = PBXFileReference; lastKnownFileType = sourcecode.swift; path = SleepDetailsView.swift; sourceTree = "<group>"; };
		2B7A8DCF2B726EC200A72393 /* IntFormatInterval.swift */ = {isa = PBXFileReference; lastKnownFileType = sourcecode.swift; path = IntFormatInterval.swift; sourceTree = "<group>"; };
		2B7A8DD12B726F2C00A72393 /* FeedService.old.swift */ = {isa = PBXFileReference; lastKnownFileType = sourcecode.swift; path = FeedService.old.swift; sourceTree = "<group>"; };
		2B7A8DD32B72717300A72393 /* FeedDetailsView.swift */ = {isa = PBXFileReference; lastKnownFileType = sourcecode.swift; path = FeedDetailsView.swift; sourceTree = "<group>"; };
		2B7A8DD52B7384AF00A72393 /* BabyServiceContainer.swift */ = {isa = PBXFileReference; lastKnownFileType = sourcecode.swift; path = BabyServiceContainer.swift; sourceTree = "<group>"; };
		2B7A8DD72B73B8DE00A72393 /* DailySleepDetails.swift */ = {isa = PBXFileReference; lastKnownFileType = sourcecode.swift; path = DailySleepDetails.swift; sourceTree = "<group>"; };
		2B7A8DD92B73C07800A72393 /* DailySleepDetailsExt.swift */ = {isa = PBXFileReference; lastKnownFileType = sourcecode.swift; path = DailySleepDetailsExt.swift; sourceTree = "<group>"; };
		2B7A8DDB2B7503FB00A72393 /* ActionService.swift */ = {isa = PBXFileReference; lastKnownFileType = sourcecode.swift; path = ActionService.swift; sourceTree = "<group>"; };
		2B8B45912D6611A200F51D21 /* Logger.swift */ = {isa = PBXFileReference; fileEncoding = 4; lastKnownFileType = sourcecode.swift; path = Logger.swift; sourceTree = "<group>"; };
		2B8B45952D67655000F51D21 /* SleepCareView.swift */ = {isa = PBXFileReference; lastKnownFileType = sourcecode.swift; path = SleepCareView.swift; sourceTree = "<group>"; };
		2B8B45972D6779F800F51D21 /* SleepCareDetailsView.swift */ = {isa = PBXFileReference; lastKnownFileType = sourcecode.swift; path = SleepCareDetailsView.swift; sourceTree = "<group>"; };
		2B8B45992D68B47400F51D21 /* SleepGraphPreview.swift */ = {isa = PBXFileReference; lastKnownFileType = sourcecode.swift; path = SleepGraphPreview.swift; sourceTree = "<group>"; };
		2B8B459B2D68B4CF00F51D21 /* ActiveSleepView.swift */ = {isa = PBXFileReference; lastKnownFileType = sourcecode.swift; path = ActiveSleepView.swift; sourceTree = "<group>"; };
		2B8B459D2D68B4E900F51D21 /* RefreshingElapsedTimeText.swift */ = {isa = PBXFileReference; lastKnownFileType = sourcecode.swift; path = RefreshingElapsedTimeText.swift; sourceTree = "<group>"; };
		2B8B459F2D68B51000F51D21 /* SleepCareViewModel.swift */ = {isa = PBXFileReference; lastKnownFileType = sourcecode.swift; path = SleepCareViewModel.swift; sourceTree = "<group>"; };
		2B8C18532D706269006FE7EC /* SleepGraphView.swift */ = {isa = PBXFileReference; lastKnownFileType = sourcecode.swift; path = SleepGraphView.swift; sourceTree = "<group>"; };
		2B8C18552D709A8D006FE7EC /* FeedGraphView.swift */ = {isa = PBXFileReference; lastKnownFileType = sourcecode.swift; path = FeedGraphView.swift; sourceTree = "<group>"; };
		2B97B7D12B75806E0050B8DC /* SleepWeekGraph.swift */ = {isa = PBXFileReference; lastKnownFileType = sourcecode.swift; path = SleepWeekGraph.swift; sourceTree = "<group>"; };
		2B9FDA8F2B5486F300B91132 /* MainView.swift */ = {isa = PBXFileReference; lastKnownFileType = sourcecode.swift; path = MainView.swift; sourceTree = "<group>"; };
		2B9FDA922B548AC500B91132 /* DataStore.xcdatamodel */ = {isa = PBXFileReference; lastKnownFileType = wrapper.xcdatamodel; path = DataStore.xcdatamodel; sourceTree = "<group>"; };
		2B9FDAA02B54905C00B91132 /* MainViewModel.swift */ = {isa = PBXFileReference; lastKnownFileType = sourcecode.swift; path = MainViewModel.swift; sourceTree = "<group>"; };
		2BB200432B91125B001E3EF3 /* ElapsedTimeText.swift */ = {isa = PBXFileReference; lastKnownFileType = sourcecode.swift; path = ElapsedTimeText.swift; sourceTree = "<group>"; };
		2BC0E4CD2B68456500E5A60A /* FeedView.swift */ = {isa = PBXFileReference; lastKnownFileType = sourcecode.swift; path = FeedView.swift; sourceTree = "<group>"; };
		2BC0E4CF2B69144000E5A60A /* BottleLog.swift */ = {isa = PBXFileReference; lastKnownFileType = sourcecode.swift; path = BottleLog.swift; sourceTree = "<group>"; };
		2BC0E4D12B69147100E5A60A /* BottleView.swift */ = {isa = PBXFileReference; lastKnownFileType = sourcecode.swift; path = BottleView.swift; sourceTree = "<group>"; };
		2BC0E4D42B691DE700E5A60A /* UIApplicationHideKeyboard.swift */ = {isa = PBXFileReference; lastKnownFileType = sourcecode.swift; path = UIApplicationHideKeyboard.swift; sourceTree = "<group>"; };
		2BECD6812B711A4600BF174D /* FeedRepository.swift */ = {isa = PBXFileReference; lastKnownFileType = sourcecode.swift; path = FeedRepository.swift; sourceTree = "<group>"; };
		2BECD6832B711CA800BF174D /* BottleRepository.swift */ = {isa = PBXFileReference; lastKnownFileType = sourcecode.swift; path = BottleRepository.swift; sourceTree = "<group>"; };
		2BECD6852B71237800BF174D /* SleepActionMapper.swift */ = {isa = PBXFileReference; lastKnownFileType = sourcecode.swift; path = SleepActionMapper.swift; sourceTree = "<group>"; };
		2BF16EBE2B600FF400A84DE3 /* BabyService.swift */ = {isa = PBXFileReference; lastKnownFileType = sourcecode.swift; path = BabyService.swift; sourceTree = "<group>"; };
		2BF16EC02B60104000A84DE3 /* BabyDto.swift */ = {isa = PBXFileReference; lastKnownFileType = sourcecode.swift; path = BabyDto.swift; sourceTree = "<group>"; };
		2BF16EC22B6010DE00A84DE3 /* BabyExt.swift */ = {isa = PBXFileReference; lastKnownFileType = sourcecode.swift; path = BabyExt.swift; sourceTree = "<group>"; };
		2BF16EC42B60159900A84DE3 /* BabySelector.swift */ = {isa = PBXFileReference; lastKnownFileType = sourcecode.swift; path = BabySelector.swift; sourceTree = "<group>"; };
		2BF16ED42B613A5B00A84DE3 /* BabyViewModel.swift */ = {isa = PBXFileReference; lastKnownFileType = sourcecode.swift; path = BabyViewModel.swift; sourceTree = "<group>"; };
		2BF16EDB2B613B4F00A84DE3 /* BabyView.swift */ = {isa = PBXFileReference; lastKnownFileType = sourcecode.swift; path = BabyView.swift; sourceTree = "<group>"; };
		2BF16EDE2B613E0A00A84DE3 /* SleepControlView.swift */ = {isa = PBXFileReference; lastKnownFileType = sourcecode.swift; path = SleepControlView.swift; sourceTree = "<group>"; };
		2BF16EE12B618FCA00A84DE3 /* FeedControlView.swift */ = {isa = PBXFileReference; lastKnownFileType = sourcecode.swift; path = FeedControlView.swift; sourceTree = "<group>"; };
		2BF16EE72B62631A00A84DE3 /* FeedActionDto.swift */ = {isa = PBXFileReference; lastKnownFileType = sourcecode.swift; path = FeedActionDto.swift; sourceTree = "<group>"; };
		2BF16EE92B62634A00A84DE3 /* ActionDto.swift */ = {isa = PBXFileReference; lastKnownFileType = sourcecode.swift; path = ActionDto.swift; sourceTree = "<group>"; };
		2BF16EED2B62650D00A84DE3 /* Baby.swift */ = {isa = PBXFileReference; lastKnownFileType = sourcecode.swift; path = Baby.swift; sourceTree = "<group>"; };
		2BF16EEE2B62650D00A84DE3 /* FeedAction.swift */ = {isa = PBXFileReference; lastKnownFileType = sourcecode.swift; path = FeedAction.swift; sourceTree = "<group>"; };
		2BF16EF32B62654F00A84DE3 /* Action.swift */ = {isa = PBXFileReference; lastKnownFileType = sourcecode.swift; path = Action.swift; sourceTree = "<group>"; };
		2BF16EF52B6265AE00A84DE3 /* BabyAction.swift */ = {isa = PBXFileReference; lastKnownFileType = sourcecode.swift; path = BabyAction.swift; sourceTree = "<group>"; };
		2BF16EF72B62662900A84DE3 /* FeedActionExt.swift */ = {isa = PBXFileReference; lastKnownFileType = sourcecode.swift; path = FeedActionExt.swift; sourceTree = "<group>"; };
		2BF16EFA2B627F5300A84DE3 /* ActionMapper.swift */ = {isa = PBXFileReference; lastKnownFileType = sourcecode.swift; path = ActionMapper.swift; sourceTree = "<group>"; };
		2BF16EFC2B6280B900A84DE3 /* DefaultActionMapper.swift */ = {isa = PBXFileReference; lastKnownFileType = sourcecode.swift; path = DefaultActionMapper.swift; sourceTree = "<group>"; };
		2BF16EFE2B6281B000A84DE3 /* ActionMapperService.swift */ = {isa = PBXFileReference; lastKnownFileType = sourcecode.swift; path = ActionMapperService.swift; sourceTree = "<group>"; };
		2BF16F002B62824900A84DE3 /* FeedActionMapper.swift */ = {isa = PBXFileReference; lastKnownFileType = sourcecode.swift; path = FeedActionMapper.swift; sourceTree = "<group>"; };
		2BF16F022B6285D600A84DE3 /* ActionUpdateDto.swift */ = {isa = PBXFileReference; lastKnownFileType = sourcecode.swift; path = ActionUpdateDto.swift; sourceTree = "<group>"; };
		2BF16F042B6285FE00A84DE3 /* ActionCreateDto.swift */ = {isa = PBXFileReference; lastKnownFileType = sourcecode.swift; path = ActionCreateDto.swift; sourceTree = "<group>"; };
		2BF16F072B62887700A84DE3 /* FeedActionUpdateDto.swift */ = {isa = PBXFileReference; lastKnownFileType = sourcecode.swift; path = FeedActionUpdateDto.swift; sourceTree = "<group>"; };
		2BF16F092B62889000A84DE3 /* FeedActionCreateDto.swift */ = {isa = PBXFileReference; lastKnownFileType = sourcecode.swift; path = FeedActionCreateDto.swift; sourceTree = "<group>"; };
		2BF44F592D6F26D100E72A72 /* PopOver.swift */ = {isa = PBXFileReference; lastKnownFileType = sourcecode.swift; path = PopOver.swift; sourceTree = "<group>"; };
		2BF44F672D6F3EBD00E72A72 /* NavigationTransitions.swift */ = {isa = PBXFileReference; lastKnownFileType = sourcecode.swift; path = NavigationTransitions.swift; sourceTree = "<group>"; };
		2BF568012B56B037004B3936 /* BabyActionService.swift */ = {isa = PBXFileReference; lastKnownFileType = sourcecode.swift; path = BabyActionService.swift; sourceTree = "<group>"; };
/* End PBXFileReference section */

/* Begin PBXFrameworksBuildPhase section */
		2B1F34AA2B54865E004EA670 /* Frameworks */ = {
			isa = PBXFrameworksBuildPhase;
			buildActionMask = 2147483647;
			files = (
				2BF44F5F2D6F358400E72A72 /* SwiftUIIntrospect in Frameworks */,
				2BF44F612D6F358400E72A72 /* SwiftUIIntrospect-Dynamic in Frameworks */,
				2BF44F632D6F358400E72A72 /* SwiftUIIntrospect-Static in Frameworks */,
				2BF44F662D6F3C3D00E72A72 /* NavigationTransitions in Frameworks */,
			);
			runOnlyForDeploymentPostprocessing = 0;
		};
/* End PBXFrameworksBuildPhase section */

/* Begin PBXGroup section */
		2B0FFD582B59520600C20C9A /* DataTransferObjects */ = {
			isa = PBXGroup;
			children = (
				2BF16F062B62863100A84DE3 /* Action */,
				2B6D4D0F2B5E8464000F6BFA /* AuthenticationRequest.swift */,
				2B6D4D112B5E8488000F6BFA /* AuthenticationResponse.swift */,
				2BF16EC02B60104000A84DE3 /* BabyDto.swift */,
				2B6D4D132B5E89A8000F6BFA /* NotificationRegistrationDto.swift */,
				2B46AE412B5D3C3A0019D710 /* SyncRequestDto.swift */,
				2B46AE432B5D3C710019D710 /* SyncResponseDto.swift */,
			);
			path = DataTransferObjects;
			sourceTree = "<group>";
		};
		2B1552E32B6653F800AD95FE /* Bottle */ = {
			isa = PBXGroup;
			children = (
				2B1552F22B66834500AD95FE /* BottleControlView.swift */,
				2BC0E4CF2B69144000E5A60A /* BottleLog.swift */,
				2BC0E4D12B69147100E5A60A /* BottleView.swift */,
			);
			path = Bottle;
			sourceTree = "<group>";
		};
		2B1F34A42B54865E004EA670 = {
			isa = PBXGroup;
			children = (
				2B1F34AF2B54865E004EA670 /* BabyCare */,
				2B1F34AE2B54865E004EA670 /* Products */,
			);
			sourceTree = "<group>";
		};
		2B1F34AE2B54865E004EA670 /* Products */ = {
			isa = PBXGroup;
			children = (
				2B1F34AD2B54865E004EA670 /* BabyCare.app */,
			);
			name = Products;
			sourceTree = "<group>";
		};
		2B1F34AF2B54865E004EA670 /* BabyCare */ = {
			isa = PBXGroup;
			children = (
				2B8B45902D66119000F51D21 /* Extension */,
				2B46AE4C2B5DB8CE0019D710 /* Info.plist */,
				2B46AE342B5C73A90019D710 /* Core */,
				2BF567F92B56AFF6004B3936 /* Models */,
				2B9FDA8E2B5486D400B91132 /* Presentation */,
				2B1F34B62B548660004EA670 /* Preview Content */,
				2BF568002B56B022004B3936 /* Services */,
				2B1F34B02B54865E004EA670 /* BabyCareApp.swift */,
				2B46AE472B5D781B0019D710 /* BabyCareDelegate.swift */,
				2B46AE4A2B5D9D5E0019D710 /* ServiceContainer.swift */,
				2B1F34B22B54865E004EA670 /* ServiceInjection.swift */,
				2B46AE492B5D794A0019D710 /* BabyCare.entitlements */,
				2B1F34B42B548660004EA670 /* Assets.xcassets */,
				2B9FDA912B548AC500B91132 /* DataStore.xcdatamodeld */,
			);
			path = BabyCare;
			sourceTree = "<group>";
		};
		2B1F34B62B548660004EA670 /* Preview Content */ = {
			isa = PBXGroup;
			children = (
				2B1F34B72B548660004EA670 /* Preview Assets.xcassets */,
			);
			path = "Preview Content";
			sourceTree = "<group>";
		};
		2B46AE342B5C73A90019D710 /* Core */ = {
			isa = PBXGroup;
			children = (
				2BC0E4D32B691DCE00E5A60A /* Extensions */,
				2B46AE352B5C73B70019D710 /* KeychainItem.swift */,
			);
			path = Core;
			sourceTree = "<group>";
		};
		2B51CBEC2B6D2359009A50F3 /* Settings */ = {
			isa = PBXGroup;
			children = (
				2B51CBED2B6D2363009A50F3 /* SettingsView.swift */,
				2B54800B2B872889002D7835 /* DefaultBabySetting.swift */,
				2B54800D2B8773EA002D7835 /* BabyPanelSettings.swift */,
			);
			path = Settings;
			sourceTree = "<group>";
		};
		2B51CBF22B7105BC009A50F3 /* DayView */ = {
			isa = PBXGroup;
			children = (
				2B51CBF32B7105C9009A50F3 /* DayView.swift */,
				2B51CBF52B710655009A50F3 /* DaySummaryView.swift */,
			);
			path = DayView;
			sourceTree = "<group>";
		};
		2B5E46A82D69FB0C003649A8 /* BabyView */ = {
			isa = PBXGroup;
			children = (
				2BF16EDB2B613B4F00A84DE3 /* BabyView.swift */,
				2B5E46AF2D69FBE2003649A8 /* InfoTile.swift */,
				2B5E46B92D6A0CED003649A8 /* Feeding */,
				2B5E46A92D69FB36003649A8 /* SleepView */,
			);
			path = BabyView;
			sourceTree = "<group>";
		};
		2B5E46A92D69FB36003649A8 /* SleepView */ = {
			isa = PBXGroup;
			children = (
				2B8B459F2D68B51000F51D21 /* SleepCareViewModel.swift */,
				2B8B45952D67655000F51D21 /* SleepCareView.swift */,
				2B8B45972D6779F800F51D21 /* SleepCareDetailsView.swift */,
				2B8B45992D68B47400F51D21 /* SleepGraphPreview.swift */,
				2B8B459B2D68B4CF00F51D21 /* ActiveSleepView.swift */,
				2B8C18532D706269006FE7EC /* SleepGraphView.swift */,
			);
			path = SleepView;
			sourceTree = "<group>";
		};
		2B5E46B12D69FC1A003649A8 /* MainView */ = {
			isa = PBXGroup;
			children = (
				2B5E46B22D69FC27003649A8 /* BackgroundView.swift */,
			);
			path = MainView;
			sourceTree = "<group>";
		};
		2B5E46B92D6A0CED003649A8 /* Feeding */ = {
			isa = PBXGroup;
			children = (
				2B5E46BA2D6A0D22003649A8 /* FeedingCareView.swift */,
				2B5E46BC2D6A10D2003649A8 /* FeedingCareViewModel.swift */,
				2B5E46BE2D6A11CE003649A8 /* FeedingCareDetailsView.swift */,
				2B5E46C02D6A14B5003649A8 /* ActiveFeedingView.swift */,
				2B5E46C32D6A1B6E003649A8 /* FeedingGraphPreview.swift */,
				2B8C18552D709A8D006FE7EC /* FeedGraphView.swift */,
			);
			path = Feeding;
			sourceTree = "<group>";
		};
		2B8B458D2D66101A00F51D21 /* NewUI */ = {
			isa = PBXGroup;
			children = (
				2B5E46A82D69FB0C003649A8 /* BabyView */,
				2B5E46B12D69FC1A003649A8 /* MainView */,
				2B51CBEC2B6D2359009A50F3 /* Settings */,
			);
			path = NewUI;
			sourceTree = "<group>";
		};
		2B8B45902D66119000F51D21 /* Extension */ = {
			isa = PBXGroup;
			children = (
				2B8B45912D6611A200F51D21 /* Logger.swift */,
				2BF44F672D6F3EBD00E72A72 /* NavigationTransitions.swift */,
			);
			path = Extension;
			sourceTree = "<group>";
		};
		2B9FDA8E2B5486D400B91132 /* Presentation */ = {
			isa = PBXGroup;
			children = (
				2B8B458D2D66101A00F51D21 /* NewUI */,
				2BF16ED72B613B1200A84DE3 /* Components */,
				2BF16ED62B613AF200A84DE3 /* Views */,
				2B0FFD612B5B0BB700C20C9A /* LatestActionsView.swift */,
			);
			path = Presentation;
			sourceTree = "<group>";
		};
		2BC0E4CB2B68452B00E5A60A /* Sleep */ = {
			isa = PBXGroup;
			children = (
				2BF16EDE2B613E0A00A84DE3 /* SleepControlView.swift */,
				2B1552E42B66540C00AD95FE /* SleepLog.swift */,
				2B11499E2B68387A0096E427 /* SleepView.swift */,
				2B7A8DCD2B726B5D00A72393 /* SleepDetailsView.swift */,
				2B97B7D12B75806E0050B8DC /* SleepWeekGraph.swift */,
			);
			path = Sleep;
			sourceTree = "<group>";
		};
		2BC0E4CC2B68453400E5A60A /* Feeding */ = {
			isa = PBXGroup;
			children = (
				2BF16EE12B618FCA00A84DE3 /* FeedControlView.swift */,
				2B1552E62B66769600AD95FE /* FeedLog.swift */,
				2BC0E4CD2B68456500E5A60A /* FeedView.swift */,
				2B7A8DD32B72717300A72393 /* FeedDetailsView.swift */,
				2B220AC82B78F25700B183B7 /* FeedDetailsContainer.swift */,
				2B220ACB2B7906E500B183B7 /* FeedWeekGraph.swift */,
			);
			path = Feeding;
			sourceTree = "<group>";
		};
		2BC0E4D32B691DCE00E5A60A /* Extensions */ = {
			isa = PBXGroup;
			children = (
				2BC0E4D42B691DE700E5A60A /* UIApplicationHideKeyboard.swift */,
				2B1A9A7A2B6BD7D4000FC5A3 /* DateHelpers.swift */,
				2B7A8DCF2B726EC200A72393 /* IntFormatInterval.swift */,
			);
			path = Extensions;
			sourceTree = "<group>";
		};
		2BECD67E2B710AC200BF174D /* Repository */ = {
			isa = PBXGroup;
			children = (
				2BECD6812B711A4600BF174D /* FeedRepository.swift */,
				2BECD6832B711CA800BF174D /* BottleRepository.swift */,
			);
			path = Repository;
			sourceTree = "<group>";
		};
		2BECD6872B71238B00BF174D /* Bottle */ = {
			isa = PBXGroup;
			children = (
				2B1552EC2B66801B00AD95FE /* BottleActionDto.swift */,
				2B1552EE2B6680A900AD95FE /* BottleActionUpdateDto.swift */,
				2B1552F02B66819300AD95FE /* BottleActionCreateDto.swift */,
			);
			path = Bottle;
			sourceTree = "<group>";
		};
		2BECD6882B71239400BF174D /* Feed */ = {
			isa = PBXGroup;
			children = (
				2BF16EE72B62631A00A84DE3 /* FeedActionDto.swift */,
				2BF16F072B62887700A84DE3 /* FeedActionUpdateDto.swift */,
				2BF16F092B62889000A84DE3 /* FeedActionCreateDto.swift */,
			);
			path = Feed;
			sourceTree = "<group>";
		};
		2BECD6892B71239F00BF174D /* Sleep */ = {
			isa = PBXGroup;
			children = (
				2B7A8DC12B71243200A72393 /* SleepActionDto.swift */,
				2B7A8DC32B71245900A72393 /* SleepActionUpdateDto.swift */,
				2B7A8DC92B7125B600A72393 /* SleepActionCreateDto.swift */,
			);
			path = Sleep;
			sourceTree = "<group>";
		};
		2BF16ED62B613AF200A84DE3 /* Views */ = {
			isa = PBXGroup;
			children = (
				2B51CBF22B7105BC009A50F3 /* DayView */,
				2BF16EDA2B613B3B00A84DE3 /* BabyView */,
				2BF16ED82B613B1D00A84DE3 /* MainView */,
			);
			path = Views;
			sourceTree = "<group>";
		};
		2BF16ED72B613B1200A84DE3 /* Components */ = {
			isa = PBXGroup;
			children = (
				2B5E46AD2D69FBBB003649A8 /* ActionButton.swift */,
				2B6D4D172B5E952C000F6BFA /* AuthGuard.swift */,
				2B51CBEF2B6E6D24009A50F3 /* DeleteButton.swift */,
				2BB200432B91125B001E3EF3 /* ElapsedTimeText.swift */,
				2B5E46AA2D69FB84003649A8 /* ExpandingButton.swift */,
				2B8B459D2D68B4E900F51D21 /* RefreshingElapsedTimeText.swift */,
				2B5E46B52D69FC6A003649A8 /* Well.swift */,
				2B5E46B72D69FC77003649A8 /* Panel.swift */,
				2BF44F592D6F26D100E72A72 /* PopOver.swift */,
			);
			path = Components;
			sourceTree = "<group>";
		};
		2BF16ED82B613B1D00A84DE3 /* MainView */ = {
			isa = PBXGroup;
			children = (
				2BF16ED92B613B2800A84DE3 /* Components */,
				2B9FDA8F2B5486F300B91132 /* MainView.swift */,
				2B6D4D0D2B5E825E000F6BFA /* LoginView.swift */,
				2B9FDAA02B54905C00B91132 /* MainViewModel.swift */,
			);
			path = MainView;
			sourceTree = "<group>";
		};
		2BF16ED92B613B2800A84DE3 /* Components */ = {
			isa = PBXGroup;
			children = (
				2BF16EC42B60159900A84DE3 /* BabySelector.swift */,
				2B6D4D152B5E9281000F6BFA /* AuthButton.swift */,
			);
			path = Components;
			sourceTree = "<group>";
		};
		2BF16EDA2B613B3B00A84DE3 /* BabyView */ = {
			isa = PBXGroup;
			children = (
				2BC0E4CC2B68453400E5A60A /* Feeding */,
				2BC0E4CB2B68452B00E5A60A /* Sleep */,
				2B1552E32B6653F800AD95FE /* Bottle */,
				2BF16ED42B613A5B00A84DE3 /* BabyViewModel.swift */,
				2B7A8DD52B7384AF00A72393 /* BabyServiceContainer.swift */,
			);
			path = BabyView;
			sourceTree = "<group>";
		};
		2BF16EF92B627F3D00A84DE3 /* ActionMapper */ = {
			isa = PBXGroup;
			children = (
				2BF16EFA2B627F5300A84DE3 /* ActionMapper.swift */,
				2BF16EFE2B6281B000A84DE3 /* ActionMapperService.swift */,
				2B7A8DDB2B7503FB00A72393 /* ActionService.swift */,
				2B1552F42B66DA3600AD95FE /* BottleActionMapper.swift */,
				2BF16EFC2B6280B900A84DE3 /* DefaultActionMapper.swift */,
				2BF16F002B62824900A84DE3 /* FeedActionMapper.swift */,
				2BECD6852B71237800BF174D /* SleepActionMapper.swift */,
				2B7A8DCB2B717BF300A72393 /* SleepService.swift */,
				2B220AC22B77A4DB00B183B7 /* FeedService.swift */,
			);
			path = ActionMapper;
			sourceTree = "<group>";
		};
		2BF16F062B62863100A84DE3 /* Action */ = {
			isa = PBXGroup;
			children = (
				2BECD6892B71239F00BF174D /* Sleep */,
				2BECD6882B71239400BF174D /* Feed */,
				2BECD6872B71238B00BF174D /* Bottle */,
				2BF16F042B6285FE00A84DE3 /* ActionCreateDto.swift */,
				2BF16EE92B62634A00A84DE3 /* ActionDto.swift */,
				2BF16F022B6285D600A84DE3 /* ActionUpdateDto.swift */,
				2B0FFD592B59521A00C20C9A /* BabyActionCreateDto.swift */,
				2B0FFD5B2B595D9100C20C9A /* BabyActionDto.swift */,
				2B0FFD5F2B5B06CE00C20C9A /* BabyActionUpdateDto.swift */,
			);
			path = Action;
			sourceTree = "<group>";
		};
		2BF567F92B56AFF6004B3936 /* Models */ = {
			isa = PBXGroup;
			children = (
				2B0FFD582B59520600C20C9A /* DataTransferObjects */,
				2BF16EF32B62654F00A84DE3 /* Action.swift */,
				2BF16EED2B62650D00A84DE3 /* Baby.swift */,
				2BF16EF52B6265AE00A84DE3 /* BabyAction.swift */,
				2B46AE392B5C81120019D710 /* BabyActionExt.swift */,
				2BF16EC22B6010DE00A84DE3 /* BabyExt.swift */,
				2B1552E82B667F9900AD95FE /* BottleAction.swift */,
				2B1552EA2B667FAC00AD95FE /* BottleActionExt.swift */,
				2B220AC42B77A6D500B183B7 /* DailyFeedDetails.swift */,
				2B220AC62B77A73700B183B7 /* DailyFeedDetailsExt.swift */,
				2B7A8DD72B73B8DE00A72393 /* DailySleepDetails.swift */,
				2B7A8DD92B73C07800A72393 /* DailySleepDetailsExt.swift */,
				2BF16EEE2B62650D00A84DE3 /* FeedAction.swift */,
				2BF16EF72B62662900A84DE3 /* FeedActionExt.swift */,
				2B7A8DC52B71249800A72393 /* SleepAction.swift */,
				2B7A8DC72B7124AF00A72393 /* SleepActionExt.swift */,
			);
			path = Models;
			sourceTree = "<group>";
		};
		2BF568002B56B022004B3936 /* Services */ = {
			isa = PBXGroup;
			children = (
				2BECD67E2B710AC200BF174D /* Repository */,
				2BF16EF92B627F3D00A84DE3 /* ActionMapper */,
				2B0FFD562B5951FB00C20C9A /* ApiService.swift */,
				2B0FFD5D2B5AFDD800C20C9A /* AuthenticationService.swift */,
				2BF568012B56B037004B3936 /* BabyActionService.swift */,
				2BF16EBE2B600FF400A84DE3 /* BabyService.swift */,
				2B6D4D0B2B5E6E31000F6BFA /* NotificationService.swift */,
				2B46AE452B5D3CFF0019D710 /* SyncService.swift */,
				2B7A8DD12B726F2C00A72393 /* FeedService.old.swift */,
				2B5480092B872815002D7835 /* UserPreferenceService.swift */,
			);
			path = Services;
			sourceTree = "<group>";
		};
/* End PBXGroup section */

/* Begin PBXNativeTarget section */
		2B1F34AC2B54865E004EA670 /* BabyCare */ = {
			isa = PBXNativeTarget;
			buildConfigurationList = 2B1F34BB2B548660004EA670 /* Build configuration list for PBXNativeTarget "BabyCare" */;
			buildPhases = (
				2B1F34A92B54865E004EA670 /* Sources */,
				2B1F34AA2B54865E004EA670 /* Frameworks */,
				2B1F34AB2B54865E004EA670 /* Resources */,
			);
			buildRules = (
			);
			dependencies = (
			);
			name = BabyCare;
			packageProductDependencies = (
				2BF44F5E2D6F358400E72A72 /* SwiftUIIntrospect */,
				2BF44F602D6F358400E72A72 /* SwiftUIIntrospect-Dynamic */,
				2BF44F622D6F358400E72A72 /* SwiftUIIntrospect-Static */,
				2BF44F652D6F3C3D00E72A72 /* NavigationTransitions */,
			);
			productName = BabyCare;
			productReference = 2B1F34AD2B54865E004EA670 /* BabyCare.app */;
			productType = "com.apple.product-type.application";
		};
/* End PBXNativeTarget section */

/* Begin PBXProject section */
		2B1F34A52B54865E004EA670 /* Project object */ = {
			isa = PBXProject;
			attributes = {
				BuildIndependentTargetsInParallel = 1;
				LastSwiftUpdateCheck = 1520;
				LastUpgradeCheck = 1520;
				TargetAttributes = {
					2B1F34AC2B54865E004EA670 = {
						CreatedOnToolsVersion = 15.2;
					};
				};
			};
			buildConfigurationList = 2B1F34A82B54865E004EA670 /* Build configuration list for PBXProject "BabyCare" */;
			compatibilityVersion = "Xcode 14.0";
			developmentRegion = en;
			hasScannedForEncodings = 0;
			knownRegions = (
				en,
				Base,
			);
			mainGroup = 2B1F34A42B54865E004EA670;
			packageReferences = (
				2BF44F5D2D6F358400E72A72 /* XCRemoteSwiftPackageReference "SwiftUI-Introspect" */,
				2BF44F642D6F3C3D00E72A72 /* XCRemoteSwiftPackageReference "swiftui-navigation-transitions" */,
			);
			productRefGroup = 2B1F34AE2B54865E004EA670 /* Products */;
			projectDirPath = "";
			projectRoot = "";
			targets = (
				2B1F34AC2B54865E004EA670 /* BabyCare */,
			);
		};
/* End PBXProject section */

/* Begin PBXResourcesBuildPhase section */
		2B1F34AB2B54865E004EA670 /* Resources */ = {
			isa = PBXResourcesBuildPhase;
			buildActionMask = 2147483647;
			files = (
				2B1F34B82B548660004EA670 /* Preview Assets.xcassets in Resources */,
				2B1F34B52B548660004EA670 /* Assets.xcassets in Resources */,
			);
			runOnlyForDeploymentPostprocessing = 0;
		};
/* End PBXResourcesBuildPhase section */

/* Begin PBXSourcesBuildPhase section */
		2B1F34A92B54865E004EA670 /* Sources */ = {
			isa = PBXSourcesBuildPhase;
			buildActionMask = 2147483647;
			files = (
				2BF44F682D6F3EBD00E72A72 /* NavigationTransitions.swift in Sources */,
				2B5E46C42D6A1B6E003649A8 /* FeedingGraphPreview.swift in Sources */,
				2BF16F082B62887700A84DE3 /* FeedActionUpdateDto.swift in Sources */,
				2B1552F12B66819300AD95FE /* BottleActionCreateDto.swift in Sources */,
				2B7A8DDA2B73C07800A72393 /* DailySleepDetailsExt.swift in Sources */,
				2B1552EB2B667FAC00AD95FE /* BottleActionExt.swift in Sources */,
				2B1A9A7B2B6BD7D4000FC5A3 /* DateHelpers.swift in Sources */,
				2B1552EF2B6680A900AD95FE /* BottleActionUpdateDto.swift in Sources */,
				2B46AE362B5C73B70019D710 /* KeychainItem.swift in Sources */,
				2B6D4D162B5E9281000F6BFA /* AuthButton.swift in Sources */,
				2BC0E4D22B69147100E5A60A /* BottleView.swift in Sources */,
				2B1F34B32B54865E004EA670 /* ServiceInjection.swift in Sources */,
				2BF16EDF2B613E0A00A84DE3 /* SleepControlView.swift in Sources */,
				2B5E46C12D6A14B5003649A8 /* ActiveFeedingView.swift in Sources */,
				2B8B45982D6779F800F51D21 /* SleepCareDetailsView.swift in Sources */,
				2B220AC32B77A4DB00B183B7 /* FeedService.swift in Sources */,
				2BF16F032B6285D600A84DE3 /* ActionUpdateDto.swift in Sources */,
				2BF16EFF2B6281B000A84DE3 /* ActionMapperService.swift in Sources */,
				2B46AE462B5D3CFF0019D710 /* SyncService.swift in Sources */,
				2B7A8DD62B7384AF00A72393 /* BabyServiceContainer.swift in Sources */,
				2BF16EE82B62631A00A84DE3 /* FeedActionDto.swift in Sources */,
				2B5E46B32D69FC27003649A8 /* BackgroundView.swift in Sources */,
				2B51CBF02B6E6D24009A50F3 /* DeleteButton.swift in Sources */,
				2B1552E72B66769600AD95FE /* FeedLog.swift in Sources */,
				2B1552ED2B66801B00AD95FE /* BottleActionDto.swift in Sources */,
				2B7A8DD22B726F2C00A72393 /* FeedService.old.swift in Sources */,
				2B54800E2B8773EA002D7835 /* BabyPanelSettings.swift in Sources */,
				2B220ACC2B7906E500B183B7 /* FeedWeekGraph.swift in Sources */,
				2BF16EC32B6010DE00A84DE3 /* BabyExt.swift in Sources */,
				2B220AC92B78F25700B183B7 /* FeedDetailsContainer.swift in Sources */,
				2B7A8DC42B71245900A72393 /* SleepActionUpdateDto.swift in Sources */,
				2B5E46BB2D6A0D22003649A8 /* FeedingCareView.swift in Sources */,
				2BC0E4D02B69144000E5A60A /* BottleLog.swift in Sources */,
				2BF16EF42B62654F00A84DE3 /* Action.swift in Sources */,
				2B46AE422B5D3C3A0019D710 /* SyncRequestDto.swift in Sources */,
				2BF16F052B6285FE00A84DE3 /* ActionCreateDto.swift in Sources */,
				2B9FDA932B548AC500B91132 /* DataStore.xcdatamodeld in Sources */,
				2B8C18562D709A8D006FE7EC /* FeedGraphView.swift in Sources */,
				2BF16EFD2B6280B900A84DE3 /* DefaultActionMapper.swift in Sources */,
				2B7A8DCA2B7125B600A72393 /* SleepActionCreateDto.swift in Sources */,
				2BF16EC12B60104000A84DE3 /* BabyDto.swift in Sources */,
				2B8B459A2D68B47400F51D21 /* SleepGraphPreview.swift in Sources */,
				2B7A8DD02B726EC200A72393 /* IntFormatInterval.swift in Sources */,
				2BF568022B56B037004B3936 /* BabyActionService.swift in Sources */,
				2B51CBEE2B6D2363009A50F3 /* SettingsView.swift in Sources */,
				2BF44F5A2D6F26D100E72A72 /* PopOver.swift in Sources */,
				2BF16EF82B62662900A84DE3 /* FeedActionExt.swift in Sources */,
				2B0FFD5C2B595D9100C20C9A /* BabyActionDto.swift in Sources */,
				2BC0E4D52B691DE700E5A60A /* UIApplicationHideKeyboard.swift in Sources */,
				2BECD6862B71237800BF174D /* SleepActionMapper.swift in Sources */,
				2B1552F52B66DA3600AD95FE /* BottleActionMapper.swift in Sources */,
				2BF16F0A2B62889000A84DE3 /* FeedActionCreateDto.swift in Sources */,
				2B1552E92B667F9900AD95FE /* BottleAction.swift in Sources */,
				2BECD6822B711A4600BF174D /* FeedRepository.swift in Sources */,
				2B6D4D0E2B5E825E000F6BFA /* LoginView.swift in Sources */,
				2B54800A2B872815002D7835 /* UserPreferenceService.swift in Sources */,
				2B7A8DC62B71249800A72393 /* SleepAction.swift in Sources */,
				2BF16EF12B62650D00A84DE3 /* FeedAction.swift in Sources */,
				2B1552E52B66540C00AD95FE /* SleepLog.swift in Sources */,
				2BF16EC52B60159900A84DE3 /* BabySelector.swift in Sources */,
				2BF16ED52B613A5B00A84DE3 /* BabyViewModel.swift in Sources */,
				2B7A8DCE2B726B5D00A72393 /* SleepDetailsView.swift in Sources */,
				2B0FFD5E2B5AFDD800C20C9A /* AuthenticationService.swift in Sources */,
				2B46AE442B5D3C710019D710 /* SyncResponseDto.swift in Sources */,
				2B51CBF42B7105C9009A50F3 /* DayView.swift in Sources */,
				2B54800C2B872889002D7835 /* DefaultBabySetting.swift in Sources */,
				2BF16EF02B62650D00A84DE3 /* Baby.swift in Sources */,
				2B5E46B62D69FC6A003649A8 /* Well.swift in Sources */,
				2B9FDA902B5486F300B91132 /* MainView.swift in Sources */,
				2BF16EBF2B600FF400A84DE3 /* BabyService.swift in Sources */,
				2B7A8DD42B72717300A72393 /* FeedDetailsView.swift in Sources */,
				2B8B45962D67655000F51D21 /* SleepCareView.swift in Sources */,
				2B1552F32B66834500AD95FE /* BottleControlView.swift in Sources */,
				2B11499F2B68387A0096E427 /* SleepView.swift in Sources */,
				2B51CBF62B710655009A50F3 /* DaySummaryView.swift in Sources */,
				2B6D4D102B5E8464000F6BFA /* AuthenticationRequest.swift in Sources */,
				2BC0E4CE2B68456500E5A60A /* FeedView.swift in Sources */,
				2B7A8DCC2B717BF300A72393 /* SleepService.swift in Sources */,
				2B8B45922D6611A200F51D21 /* Logger.swift in Sources */,
				2B220AC52B77A6D500B183B7 /* DailyFeedDetails.swift in Sources */,
				2BF16EF62B6265AE00A84DE3 /* BabyAction.swift in Sources */,
				2B7A8DC82B7124AF00A72393 /* SleepActionExt.swift in Sources */,
				2B5E46AB2D69FB84003649A8 /* ExpandingButton.swift in Sources */,
				2B1F34B12B54865E004EA670 /* BabyCareApp.swift in Sources */,
				2B97B7D22B75806E0050B8DC /* SleepWeekGraph.swift in Sources */,
				2B46AE482B5D781B0019D710 /* BabyCareDelegate.swift in Sources */,
				2B0FFD5A2B59521A00C20C9A /* BabyActionCreateDto.swift in Sources */,
				2BF16F012B62824900A84DE3 /* FeedActionMapper.swift in Sources */,
				2B0FFD572B5951FB00C20C9A /* ApiService.swift in Sources */,
				2B8B459E2D68B4E900F51D21 /* RefreshingElapsedTimeText.swift in Sources */,
				2B0FFD602B5B06CE00C20C9A /* BabyActionUpdateDto.swift in Sources */,
				2B6D4D142B5E89A8000F6BFA /* NotificationRegistrationDto.swift in Sources */,
				2BF16EDC2B613B4F00A84DE3 /* BabyView.swift in Sources */,
				2B5E46BD2D6A10D2003649A8 /* FeedingCareViewModel.swift in Sources */,
				2B220AC72B77A73700B183B7 /* DailyFeedDetailsExt.swift in Sources */,
				2B8C18542D706269006FE7EC /* SleepGraphView.swift in Sources */,
				2B5E46B02D69FBE2003649A8 /* InfoTile.swift in Sources */,
				2BF16EE22B618FCA00A84DE3 /* FeedControlView.swift in Sources */,
				2B6D4D0C2B5E6E31000F6BFA /* NotificationService.swift in Sources */,
				2B5E46BF2D6A11CE003649A8 /* FeedingCareDetailsView.swift in Sources */,
				2B46AE3A2B5C81120019D710 /* BabyActionExt.swift in Sources */,
				2B6D4D182B5E952C000F6BFA /* AuthGuard.swift in Sources */,
				2BF16EFB2B627F5300A84DE3 /* ActionMapper.swift in Sources */,
				2B5E46B82D69FC77003649A8 /* Panel.swift in Sources */,
				2B7A8DDC2B7503FB00A72393 /* ActionService.swift in Sources */,
				2B9FDAA12B54905C00B91132 /* MainViewModel.swift in Sources */,
				2B46AE4B2B5D9D5E0019D710 /* ServiceContainer.swift in Sources */,
				2B8B45A02D68B51000F51D21 /* SleepCareViewModel.swift in Sources */,
				2BF16EEA2B62634A00A84DE3 /* ActionDto.swift in Sources */,
				2BECD6842B711CA800BF174D /* BottleRepository.swift in Sources */,
				2B8B459C2D68B4CF00F51D21 /* ActiveSleepView.swift in Sources */,
				2B7A8DD82B73B8DE00A72393 /* DailySleepDetails.swift in Sources */,
				2B6D4D122B5E8488000F6BFA /* AuthenticationResponse.swift in Sources */,
				2BB200442B91125B001E3EF3 /* ElapsedTimeText.swift in Sources */,
				2B7A8DC22B71243200A72393 /* SleepActionDto.swift in Sources */,
				2B0FFD622B5B0BB700C20C9A /* LatestActionsView.swift in Sources */,
				2B5E46AE2D69FBBB003649A8 /* ActionButton.swift in Sources */,
			);
			runOnlyForDeploymentPostprocessing = 0;
		};
/* End PBXSourcesBuildPhase section */

/* Begin XCBuildConfiguration section */
		2B1F34B92B548660004EA670 /* Debug */ = {
			isa = XCBuildConfiguration;
			buildSettings = {
				ALWAYS_SEARCH_USER_PATHS = NO;
				ASSETCATALOG_COMPILER_GENERATE_SWIFT_ASSET_SYMBOL_EXTENSIONS = YES;
				CLANG_ANALYZER_NONNULL = YES;
				CLANG_ANALYZER_NUMBER_OBJECT_CONVERSION = YES_AGGRESSIVE;
				CLANG_CXX_LANGUAGE_STANDARD = "gnu++20";
				CLANG_ENABLE_MODULES = YES;
				CLANG_ENABLE_OBJC_ARC = YES;
				CLANG_ENABLE_OBJC_WEAK = YES;
				CLANG_WARN_BLOCK_CAPTURE_AUTORELEASING = YES;
				CLANG_WARN_BOOL_CONVERSION = YES;
				CLANG_WARN_COMMA = YES;
				CLANG_WARN_CONSTANT_CONVERSION = YES;
				CLANG_WARN_DEPRECATED_OBJC_IMPLEMENTATIONS = YES;
				CLANG_WARN_DIRECT_OBJC_ISA_USAGE = YES_ERROR;
				CLANG_WARN_DOCUMENTATION_COMMENTS = YES;
				CLANG_WARN_EMPTY_BODY = YES;
				CLANG_WARN_ENUM_CONVERSION = YES;
				CLANG_WARN_INFINITE_RECURSION = YES;
				CLANG_WARN_INT_CONVERSION = YES;
				CLANG_WARN_NON_LITERAL_NULL_CONVERSION = YES;
				CLANG_WARN_OBJC_IMPLICIT_RETAIN_SELF = YES;
				CLANG_WARN_OBJC_LITERAL_CONVERSION = YES;
				CLANG_WARN_OBJC_ROOT_CLASS = YES_ERROR;
				CLANG_WARN_QUOTED_INCLUDE_IN_FRAMEWORK_HEADER = YES;
				CLANG_WARN_RANGE_LOOP_ANALYSIS = YES;
				CLANG_WARN_STRICT_PROTOTYPES = YES;
				CLANG_WARN_SUSPICIOUS_MOVE = YES;
				CLANG_WARN_UNGUARDED_AVAILABILITY = YES_AGGRESSIVE;
				CLANG_WARN_UNREACHABLE_CODE = YES;
				CLANG_WARN__DUPLICATE_METHOD_MATCH = YES;
				COPY_PHASE_STRIP = NO;
				DEBUG_INFORMATION_FORMAT = dwarf;
				ENABLE_STRICT_OBJC_MSGSEND = YES;
				ENABLE_TESTABILITY = YES;
				ENABLE_USER_SCRIPT_SANDBOXING = YES;
				GCC_C_LANGUAGE_STANDARD = gnu17;
				GCC_DYNAMIC_NO_PIC = NO;
				GCC_NO_COMMON_BLOCKS = YES;
				GCC_OPTIMIZATION_LEVEL = 0;
				GCC_PREPROCESSOR_DEFINITIONS = (
					"DEBUG=1",
					"$(inherited)",
				);
				GCC_WARN_64_TO_32_BIT_CONVERSION = YES;
				GCC_WARN_ABOUT_RETURN_TYPE = YES_ERROR;
				GCC_WARN_UNDECLARED_SELECTOR = YES;
				GCC_WARN_UNINITIALIZED_AUTOS = YES_AGGRESSIVE;
				GCC_WARN_UNUSED_FUNCTION = YES;
				GCC_WARN_UNUSED_VARIABLE = YES;
				IPHONEOS_DEPLOYMENT_TARGET = 17.2;
				LOCALIZATION_PREFERS_STRING_CATALOGS = YES;
				MTL_ENABLE_DEBUG_INFO = INCLUDE_SOURCE;
				MTL_FAST_MATH = YES;
				ONLY_ACTIVE_ARCH = YES;
				SDKROOT = iphoneos;
				SWIFT_ACTIVE_COMPILATION_CONDITIONS = "DEBUG $(inherited)";
				SWIFT_OPTIMIZATION_LEVEL = "-Onone";
			};
			name = Debug;
		};
		2B1F34BA2B548660004EA670 /* Release */ = {
			isa = XCBuildConfiguration;
			buildSettings = {
				ALWAYS_SEARCH_USER_PATHS = NO;
				ASSETCATALOG_COMPILER_GENERATE_SWIFT_ASSET_SYMBOL_EXTENSIONS = YES;
				CLANG_ANALYZER_NONNULL = YES;
				CLANG_ANALYZER_NUMBER_OBJECT_CONVERSION = YES_AGGRESSIVE;
				CLANG_CXX_LANGUAGE_STANDARD = "gnu++20";
				CLANG_ENABLE_MODULES = YES;
				CLANG_ENABLE_OBJC_ARC = YES;
				CLANG_ENABLE_OBJC_WEAK = YES;
				CLANG_WARN_BLOCK_CAPTURE_AUTORELEASING = YES;
				CLANG_WARN_BOOL_CONVERSION = YES;
				CLANG_WARN_COMMA = YES;
				CLANG_WARN_CONSTANT_CONVERSION = YES;
				CLANG_WARN_DEPRECATED_OBJC_IMPLEMENTATIONS = YES;
				CLANG_WARN_DIRECT_OBJC_ISA_USAGE = YES_ERROR;
				CLANG_WARN_DOCUMENTATION_COMMENTS = YES;
				CLANG_WARN_EMPTY_BODY = YES;
				CLANG_WARN_ENUM_CONVERSION = YES;
				CLANG_WARN_INFINITE_RECURSION = YES;
				CLANG_WARN_INT_CONVERSION = YES;
				CLANG_WARN_NON_LITERAL_NULL_CONVERSION = YES;
				CLANG_WARN_OBJC_IMPLICIT_RETAIN_SELF = YES;
				CLANG_WARN_OBJC_LITERAL_CONVERSION = YES;
				CLANG_WARN_OBJC_ROOT_CLASS = YES_ERROR;
				CLANG_WARN_QUOTED_INCLUDE_IN_FRAMEWORK_HEADER = YES;
				CLANG_WARN_RANGE_LOOP_ANALYSIS = YES;
				CLANG_WARN_STRICT_PROTOTYPES = YES;
				CLANG_WARN_SUSPICIOUS_MOVE = YES;
				CLANG_WARN_UNGUARDED_AVAILABILITY = YES_AGGRESSIVE;
				CLANG_WARN_UNREACHABLE_CODE = YES;
				CLANG_WARN__DUPLICATE_METHOD_MATCH = YES;
				COPY_PHASE_STRIP = NO;
				DEBUG_INFORMATION_FORMAT = "dwarf-with-dsym";
				ENABLE_NS_ASSERTIONS = NO;
				ENABLE_STRICT_OBJC_MSGSEND = YES;
				ENABLE_USER_SCRIPT_SANDBOXING = YES;
				GCC_C_LANGUAGE_STANDARD = gnu17;
				GCC_NO_COMMON_BLOCKS = YES;
				GCC_WARN_64_TO_32_BIT_CONVERSION = YES;
				GCC_WARN_ABOUT_RETURN_TYPE = YES_ERROR;
				GCC_WARN_UNDECLARED_SELECTOR = YES;
				GCC_WARN_UNINITIALIZED_AUTOS = YES_AGGRESSIVE;
				GCC_WARN_UNUSED_FUNCTION = YES;
				GCC_WARN_UNUSED_VARIABLE = YES;
				IPHONEOS_DEPLOYMENT_TARGET = 17.2;
				LOCALIZATION_PREFERS_STRING_CATALOGS = YES;
				MTL_ENABLE_DEBUG_INFO = NO;
				MTL_FAST_MATH = YES;
				SDKROOT = iphoneos;
				SWIFT_COMPILATION_MODE = wholemodule;
				VALIDATE_PRODUCT = YES;
			};
			name = Release;
		};
		2B1F34BC2B548660004EA670 /* Debug */ = {
			isa = XCBuildConfiguration;
			buildSettings = {
				ASSETCATALOG_COMPILER_APPICON_NAME = AppIcon;
				ASSETCATALOG_COMPILER_GLOBAL_ACCENT_COLOR_NAME = AccentColor;
				CODE_SIGN_ENTITLEMENTS = BabyCare/BabyCare.entitlements;
				CODE_SIGN_IDENTITY = "Apple Development";
				CODE_SIGN_STYLE = Automatic;
				CURRENT_PROJECT_VERSION = 1;
				DEVELOPMENT_ASSET_PATHS = "\"BabyCare/Preview Content\"";
				DEVELOPMENT_TEAM = L23NTUN6KV;
				ENABLE_PREVIEWS = YES;
				ENABLE_TESTING_SEARCH_PATHS = YES;
				GENERATE_INFOPLIST_FILE = YES;
				INFOPLIST_FILE = BabyCare/Info.plist;
				INFOPLIST_KEY_CFBundleDisplayName = "Tiny Baby Care";
				INFOPLIST_KEY_LSApplicationCategoryType = "public.app-category.healthcare-fitness";
				INFOPLIST_KEY_UIApplicationSceneManifest_Generation = YES;
				INFOPLIST_KEY_UIApplicationSupportsIndirectInputEvents = YES;
				INFOPLIST_KEY_UILaunchScreen_Generation = YES;
				INFOPLIST_KEY_UISupportedInterfaceOrientations = "UIInterfaceOrientationLandscapeLeft UIInterfaceOrientationLandscapeRight UIInterfaceOrientationPortrait UIInterfaceOrientationPortraitUpsideDown";
				IPHONEOS_DEPLOYMENT_TARGET = 17.0;
				LD_RUNPATH_SEARCH_PATHS = (
					"$(inherited)",
					"@executable_path/Frameworks",
				);
				MARKETING_VERSION = 2.0;
				PRODUCT_BUNDLE_IDENTIFIER = com.bitechular.tinybaby;
				PRODUCT_NAME = "$(TARGET_NAME)";
				PROVISIONING_PROFILE_SPECIFIER = "";
				SUPPORTED_PLATFORMS = "iphoneos iphonesimulator";
				SUPPORTS_MACCATALYST = NO;
				SUPPORTS_XR_DESIGNED_FOR_IPHONE_IPAD = NO;
				SWIFT_EMIT_LOC_STRINGS = YES;
				SWIFT_VERSION = 5.0;
				TARGETED_DEVICE_FAMILY = "1,2";
			};
			name = Debug;
		};
		2B1F34BD2B548660004EA670 /* Release */ = {
			isa = XCBuildConfiguration;
			buildSettings = {
				ASSETCATALOG_COMPILER_APPICON_NAME = AppIcon;
				ASSETCATALOG_COMPILER_GLOBAL_ACCENT_COLOR_NAME = AccentColor;
				CODE_SIGN_ENTITLEMENTS = BabyCare/BabyCare.entitlements;
				CODE_SIGN_IDENTITY = "Apple Development";
				CODE_SIGN_STYLE = Automatic;
				CURRENT_PROJECT_VERSION = 1;
				DEVELOPMENT_ASSET_PATHS = "\"BabyCare/Preview Content\"";
				DEVELOPMENT_TEAM = L23NTUN6KV;
				ENABLE_PREVIEWS = YES;
				ENABLE_TESTING_SEARCH_PATHS = YES;
				GENERATE_INFOPLIST_FILE = YES;
				INFOPLIST_FILE = BabyCare/Info.plist;
				INFOPLIST_KEY_CFBundleDisplayName = "Tiny Baby Care";
				INFOPLIST_KEY_LSApplicationCategoryType = "public.app-category.healthcare-fitness";
				INFOPLIST_KEY_UIApplicationSceneManifest_Generation = YES;
				INFOPLIST_KEY_UIApplicationSupportsIndirectInputEvents = YES;
				INFOPLIST_KEY_UILaunchScreen_Generation = YES;
				INFOPLIST_KEY_UISupportedInterfaceOrientations = "UIInterfaceOrientationLandscapeLeft UIInterfaceOrientationLandscapeRight UIInterfaceOrientationPortrait UIInterfaceOrientationPortraitUpsideDown";
				IPHONEOS_DEPLOYMENT_TARGET = 17.0;
				LD_RUNPATH_SEARCH_PATHS = (
					"$(inherited)",
					"@executable_path/Frameworks",
				);
				MARKETING_VERSION = 2.0;
				PRODUCT_BUNDLE_IDENTIFIER = com.bitechular.tinybaby;
				PRODUCT_NAME = "$(TARGET_NAME)";
				PROVISIONING_PROFILE_SPECIFIER = "";
				SUPPORTED_PLATFORMS = "iphoneos iphonesimulator";
				SUPPORTS_MACCATALYST = NO;
				SUPPORTS_XR_DESIGNED_FOR_IPHONE_IPAD = NO;
				SWIFT_EMIT_LOC_STRINGS = YES;
				SWIFT_VERSION = 5.0;
				TARGETED_DEVICE_FAMILY = "1,2";
			};
			name = Release;
		};
/* End XCBuildConfiguration section */

/* Begin XCConfigurationList section */
		2B1F34A82B54865E004EA670 /* Build configuration list for PBXProject "BabyCare" */ = {
			isa = XCConfigurationList;
			buildConfigurations = (
				2B1F34B92B548660004EA670 /* Debug */,
				2B1F34BA2B548660004EA670 /* Release */,
			);
			defaultConfigurationIsVisible = 0;
			defaultConfigurationName = Release;
		};
		2B1F34BB2B548660004EA670 /* Build configuration list for PBXNativeTarget "BabyCare" */ = {
			isa = XCConfigurationList;
			buildConfigurations = (
				2B1F34BC2B548660004EA670 /* Debug */,
				2B1F34BD2B548660004EA670 /* Release */,
			);
			defaultConfigurationIsVisible = 0;
			defaultConfigurationName = Release;
		};
/* End XCConfigurationList section */

/* Begin XCRemoteSwiftPackageReference section */
		2BF44F5D2D6F358400E72A72 /* XCRemoteSwiftPackageReference "SwiftUI-Introspect" */ = {
			isa = XCRemoteSwiftPackageReference;
			repositoryURL = "https://github.com/siteline/SwiftUI-Introspect.git";
			requirement = {
				kind = upToNextMajorVersion;
				minimumVersion = 1.3.0;
			};
		};
		2BF44F642D6F3C3D00E72A72 /* XCRemoteSwiftPackageReference "swiftui-navigation-transitions" */ = {
			isa = XCRemoteSwiftPackageReference;
			repositoryURL = "https://github.com/davdroman/swiftui-navigation-transitions";
			requirement = {
				kind = upToNextMajorVersion;
				minimumVersion = 0.14.0;
			};
		};
/* End XCRemoteSwiftPackageReference section */

/* Begin XCSwiftPackageProductDependency section */
		2BF44F5E2D6F358400E72A72 /* SwiftUIIntrospect */ = {
			isa = XCSwiftPackageProductDependency;
			package = 2BF44F5D2D6F358400E72A72 /* XCRemoteSwiftPackageReference "SwiftUI-Introspect" */;
			productName = SwiftUIIntrospect;
		};
		2BF44F602D6F358400E72A72 /* SwiftUIIntrospect-Dynamic */ = {
			isa = XCSwiftPackageProductDependency;
			package = 2BF44F5D2D6F358400E72A72 /* XCRemoteSwiftPackageReference "SwiftUI-Introspect" */;
			productName = "SwiftUIIntrospect-Dynamic";
		};
		2BF44F622D6F358400E72A72 /* SwiftUIIntrospect-Static */ = {
			isa = XCSwiftPackageProductDependency;
			package = 2BF44F5D2D6F358400E72A72 /* XCRemoteSwiftPackageReference "SwiftUI-Introspect" */;
			productName = "SwiftUIIntrospect-Static";
		};
		2BF44F652D6F3C3D00E72A72 /* NavigationTransitions */ = {
			isa = XCSwiftPackageProductDependency;
			package = 2BF44F642D6F3C3D00E72A72 /* XCRemoteSwiftPackageReference "swiftui-navigation-transitions" */;
			productName = NavigationTransitions;
		};
/* End XCSwiftPackageProductDependency section */

/* Begin XCVersionGroup section */
		2B9FDA912B548AC500B91132 /* DataStore.xcdatamodeld */ = {
			isa = XCVersionGroup;
			children = (
				2B9FDA922B548AC500B91132 /* DataStore.xcdatamodel */,
			);
			currentVersion = 2B9FDA922B548AC500B91132 /* DataStore.xcdatamodel */;
			path = DataStore.xcdatamodeld;
			sourceTree = "<group>";
			versionGroupType = wrapper.xcdatamodel;
		};
/* End XCVersionGroup section */
	};
	rootObject = 2B1F34A52B54865E004EA670 /* Project object */;
}
